PODS:
  - Alamofire (4.7.2)
  - AppCenter (1.6.1):
    - AppCenter/Analytics (= 1.6.1)
    - AppCenter/Crashes (= 1.6.1)
  - AppCenter/Analytics (1.6.1):
    - AppCenter/Core
  - AppCenter/Core (1.6.1)
  - AppCenter/Crashes (1.6.1):
    - AppCenter/Core
  - EasyDi (1.4.0)
  - KeychainSwift (10.0.0)
  - Realm (3.6.0):
    - Realm/Headers (= 3.6.0)
  - Realm/Headers (3.6.0)
  - RealmSwift (3.6.0):
    - Realm (= 3.6.0)
  - RxAlamofire (4.2.0):
    - RxAlamofire/Core (= 4.2.0)
  - RxAlamofire/Core (4.2.0):
    - Alamofire (~> 4.5)
    - RxSwift (~> 4)
  - RxRealm (0.7.5):
    - RealmSwift (~> 3.0)
    - RxSwift (~> 4.0)
  - RxSwift (4.1.2)
  - SDWebImage (4.4.0):
    - SDWebImage/Core (= 4.4.0)
  - SDWebImage/Core (4.4.0)
  - SINQ (0.7.0)

DEPENDENCIES:
  - Alamofire (~> 4.7)
  - AppCenter
  - EasyDi
  - KeychainSwift (~> 10.0)
  - RealmSwift
  - RxAlamofire
  - RxRealm
  - RxSwift (~> 4.0)
  - SDWebImage (~> 4.0)
  - SINQ

SPEC REPOS:
  https://github.com/cocoapods/specs.git:
    - Alamofire
    - AppCenter
    - EasyDi
    - KeychainSwift
    - Realm
    - RealmSwift
    - RxAlamofire
    - RxRealm
    - RxSwift
    - SDWebImage
    - SINQ

SPEC CHECKSUMS:
  Alamofire: e4fa87002c137ba2d8d634d2c51fabcda0d5c223
  AppCenter: f9eb653a45cece34549232f295aec05260dfc24f
  EasyDi: 84cfe04e906c0f463b1b1d76ed4be3db446f9702
  KeychainSwift: f9f7910449a0c0fd2cabc889121530dd2c477c33
  Realm: 08b464b462d4f31bbd4ba5f5a1c8722ef0a700b7
  RealmSwift: 973e1499c44ab571f894c2c908e2db450be280c3
  RxAlamofire: 87a9c588541210cc3e4a1f843ccc3ecf3eb98b31
  RxRealm: a6c6c0a07cb61f34209969ca6657734edfdfff30
  RxSwift: e49536837d9901277638493ea537394d4b55f570
  SDWebImage: b534502786e43dde36dfcaee89356fe6df30e203
  SINQ: 64cab7b7c73486da8f4442c25ccdd6ada7e67b95

PODFILE CHECKSUM: 07e148fa83ecd8c383e1f76d467ff840bfa5dc9a

COCOAPODS: 1.5.2
