// !$*UTF8*$!
{
	archiveVersion = 1;
	classes = {
	};
	objectVersion = 50;
	objects = {

/* Begin PBXBuildFile section */
		226B5245553274D2D79FCA3F /* Pods_YURT.framework in Frameworks */ = {isa = PBXBuildFile; fileRef = 1086D99CFBD13CE2194C4BF3 /* Pods_YURT.framework */; };
		7DD62D4B20C51C0100F33794 /* RealmAuth.swift in Sources */ = {isa = PBXBuildFile; fileRef = 7DD62D4A20C51C0100F33794 /* RealmAuth.swift */; };
		840427E420B2E73D00C94765 /* UIConstants.swift in Sources */ = {isa = PBXBuildFile; fileRef = 840427E320B2E73D00C94765 /* UIConstants.swift */; };
		840427F320B2E87800C94765 /* NotificationError.swift in Sources */ = {isa = PBXBuildFile; fileRef = 840427F220B2E87800C94765 /* NotificationError.swift */; };
		8407C09E20B8097E00045EFB /* TakePhotoViewController.swift in Sources */ = {isa = PBXBuildFile; fileRef = 8407C09D20B8097E00045EFB /* TakePhotoViewController.swift */; };
		8407C0A120B8099A00045EFB /* TakePhotoPresenter.swift in Sources */ = {isa = PBXBuildFile; fileRef = 8407C0A020B8099A00045EFB /* TakePhotoPresenter.swift */; };
		842239E220BD6FB20028FDAA /* PreviewPhotoViewController.swift in Sources */ = {isa = PBXBuildFile; fileRef = 842239E120BD6FB20028FDAA /* PreviewPhotoViewController.swift */; };
		842239E520BE93CF0028FDAA /* DocumentsViewController.swift in Sources */ = {isa = PBXBuildFile; fileRef = 842239E420BE93CF0028FDAA /* DocumentsViewController.swift */; };
		842239E720BE9E0E0028FDAA /* SttCollectionViewWithSectionSource.swift in Sources */ = {isa = PBXBuildFile; fileRef = 842239E620BE9E0E0028FDAA /* SttCollectionViewWithSectionSource.swift */; };
		842239E920BEA1C50028FDAA /* DocumentEntityPresenter.swift in Sources */ = {isa = PBXBuildFile; fileRef = 842239E820BEA1C40028FDAA /* DocumentEntityPresenter.swift */; };
		842239EB20BED6890028FDAA /* PercentConverter.swift in Sources */ = {isa = PBXBuildFile; fileRef = 842239EA20BED6890028FDAA /* PercentConverter.swift */; };
		842239EE20BEDA9B0028FDAA /* DocumentsPresenter.swift in Sources */ = {isa = PBXBuildFile; fileRef = 842239ED20BEDA9B0028FDAA /* DocumentsPresenter.swift */; };
		842239F220BEE4AD0028FDAA /* DocumentsEntityHeaderPresenter.swift in Sources */ = {isa = PBXBuildFile; fileRef = 842239F120BEE4AD0028FDAA /* DocumentsEntityHeaderPresenter.swift */; };
		842239F920BEE5C90028FDAA /* NoDocumentEntityCell.swift in Sources */ = {isa = PBXBuildFile; fileRef = 842239F720BEE5C90028FDAA /* NoDocumentEntityCell.swift */; };
		842239FA20BEE5C90028FDAA /* NoDocumentEntityCell.xib in Resources */ = {isa = PBXBuildFile; fileRef = 842239F820BEE5C90028FDAA /* NoDocumentEntityCell.xib */; };
		842239FE20BEEA440028FDAA /* DocumentEntityHeaderView.swift in Sources */ = {isa = PBXBuildFile; fileRef = 842239FD20BEEA440028FDAA /* DocumentEntityHeaderView.swift */; };
		84223A0120BEEC0A0028FDAA /* SttCollectionReusableView.swift in Sources */ = {isa = PBXBuildFile; fileRef = 84223A0020BEEC0A0028FDAA /* SttCollectionReusableView.swift */; };
		8428FFE320AF036D00D7BF1B /* SignUpViewController.swift in Sources */ = {isa = PBXBuildFile; fileRef = 8428FFE220AF036D00D7BF1B /* SignUpViewController.swift */; };
		8428FFE520AF03BD00D7BF1B /* SignUpPresenter.swift in Sources */ = {isa = PBXBuildFile; fileRef = 8428FFE420AF03BD00D7BF1B /* SignUpPresenter.swift */; };
		842E1EB120AC5584003D2CDA /* RealmStorageProvider.swift in Sources */ = {isa = PBXBuildFile; fileRef = 842E1EB020AC5584003D2CDA /* RealmStorageProvider.swift */; };
		842E1EB320AC55AC003D2CDA /* ServiceAssembly.swift in Sources */ = {isa = PBXBuildFile; fileRef = 842E1EB220AC55AC003D2CDA /* ServiceAssembly.swift */; };
		842E1EB520AC55CD003D2CDA /* ServiceInjectorAssembly.swift in Sources */ = {isa = PBXBuildFile; fileRef = 842E1EB420AC55CD003D2CDA /* ServiceInjectorAssembly.swift */; };
		842E1EC120AD6EB2003D2CDA /* InputBox.swift in Sources */ = {isa = PBXBuildFile; fileRef = 842E1EBF20AD6EB1003D2CDA /* InputBox.swift */; };
		842E1EC220AD6EB2003D2CDA /* InputBox.xib in Resources */ = {isa = PBXBuildFile; fileRef = 842E1EC020AD6EB1003D2CDA /* InputBox.xib */; };
		842E1EC420AD6EBD003D2CDA /* SttTemplate.swift in Sources */ = {isa = PBXBuildFile; fileRef = 842E1EC320AD6EBD003D2CDA /* SttTemplate.swift */; };
		842E1EC920AD7138003D2CDA /* Login.storyboard in Resources */ = {isa = PBXBuildFile; fileRef = 842E1EC820AD7138003D2CDA /* Login.storyboard */; };
		842E1ECB20AD716F003D2CDA /* Icons.xcassets in Resources */ = {isa = PBXBuildFile; fileRef = 842E1ECA20AD716F003D2CDA /* Icons.xcassets */; };
		8437E00320CFDC5F0043445D /* NewLendersViewController.swift in Sources */ = {isa = PBXBuildFile; fileRef = 8437E00120CFDC5F0043445D /* NewLendersViewController.swift */; };
		8437E00420CFDC5F0043445D /* NewLendersViewController.xib in Resources */ = {isa = PBXBuildFile; fileRef = 8437E00220CFDC5F0043445D /* NewLendersViewController.xib */; };
		8437E00B20CFE9B00043445D /* SttViewPage.swift in Sources */ = {isa = PBXBuildFile; fileRef = 8437E00A20CFE9B00043445D /* SttViewPage.swift */; };
		8437E00D20CFEF760043445D /* SttUISegmentControlExtensions.swift in Sources */ = {isa = PBXBuildFile; fileRef = 8437E00C20CFEF760043445D /* SttUISegmentControlExtensions.swift */; };
		8437E01220D0057D0043445D /* ApprovedLendersViewController.swift in Sources */ = {isa = PBXBuildFile; fileRef = 8437E01020D0057D0043445D /* ApprovedLendersViewController.swift */; };
		8437E01320D0057D0043445D /* ApprovedLendersViewController.xib in Resources */ = {isa = PBXBuildFile; fileRef = 8437E01120D0057D0043445D /* ApprovedLendersViewController.xib */; };
		8437E01620D0059F0043445D /* RejectedLendersViewController.swift in Sources */ = {isa = PBXBuildFile; fileRef = 8437E01420D0059F0043445D /* RejectedLendersViewController.swift */; };
		8437E01720D0059F0043445D /* RejectedLendersViewController.xib in Resources */ = {isa = PBXBuildFile; fileRef = 8437E01520D0059F0043445D /* RejectedLendersViewController.xib */; };
		84484F54209B05D4006BBD11 /* AppDelegate.swift in Sources */ = {isa = PBXBuildFile; fileRef = 84484F53209B05D4006BBD11 /* AppDelegate.swift */; };
		84484F56209B05D4006BBD11 /* ViewController.swift in Sources */ = {isa = PBXBuildFile; fileRef = 84484F55209B05D4006BBD11 /* ViewController.swift */; };
		84484F5B209B05D6006BBD11 /* Assets.xcassets in Resources */ = {isa = PBXBuildFile; fileRef = 84484F5A209B05D6006BBD11 /* Assets.xcassets */; };
		84484F5E209B05D6006BBD11 /* LaunchScreen.storyboard in Resources */ = {isa = PBXBuildFile; fileRef = 84484F5C209B05D6006BBD11 /* LaunchScreen.storyboard */; };
		84484F6D209B3FA0006BBD11 /* ApiService.swift in Sources */ = {isa = PBXBuildFile; fileRef = 84484F6C209B3FA0006BBD11 /* ApiService.swift */; };
		844EC24320C54A37006CF9EF /* ShowPhotoViewController.swift in Sources */ = {isa = PBXBuildFile; fileRef = 844EC24220C54A37006CF9EF /* ShowPhotoViewController.swift */; };
		844EC24620C54A79006CF9EF /* ShowPhotoPresenter.swift in Sources */ = {isa = PBXBuildFile; fileRef = 844EC24520C54A79006CF9EF /* ShowPhotoPresenter.swift */; };
		844EC24820C58897006CF9EF /* DocumentService.swift in Sources */ = {isa = PBXBuildFile; fileRef = 844EC24720C58897006CF9EF /* DocumentService.swift */; };
		844EC24A20C58A16006CF9EF /* AddDocumentApiModel.swift in Sources */ = {isa = PBXBuildFile; fileRef = 844EC24920C58A16006CF9EF /* AddDocumentApiModel.swift */; };
		844EC24C20C58B9C006CF9EF /* BorrowerDocumentApiModel.swift in Sources */ = {isa = PBXBuildFile; fileRef = 844EC24B20C58B9C006CF9EF /* BorrowerDocumentApiModel.swift */; };
		844F800420AD74940030DCC3 /* Colors.xcassets in Resources */ = {isa = PBXBuildFile; fileRef = 844F800320AD74940030DCC3 /* Colors.xcassets */; };
		8453ADA120E0E1E800174765 /* CachingPlayerItem.swift in Sources */ = {isa = PBXBuildFile; fileRef = 8453AD6E20E0E1E700174765 /* CachingPlayerItem.swift */; };
		8453ADA220E0E1E800174765 /* SttComand.swift in Sources */ = {isa = PBXBuildFile; fileRef = 8453AD6F20E0E1E700174765 /* SttComand.swift */; };
		8453ADA320E0E1E800174765 /* SttConnectivity.swift in Sources */ = {isa = PBXBuildFile; fileRef = 8453AD7020E0E1E700174765 /* SttConnectivity.swift */; };
		8453ADA420E0E1E800174765 /* SttConverter.swift in Sources */ = {isa = PBXBuildFile; fileRef = 8453AD7120E0E1E700174765 /* SttConverter.swift */; };
		8453ADA520E0E1E800174765 /* SttDictionaryCodable.swift in Sources */ = {isa = PBXBuildFile; fileRef = 8453AD7220E0E1E700174765 /* SttDictionaryCodable.swift */; };
		8453ADA620E0E1E800174765 /* SttObservableCollection.swift in Sources */ = {isa = PBXBuildFile; fileRef = 8453AD7320E0E1E700174765 /* SttObservableCollection.swift */; };
		8453ADA720E0E1E800174765 /* SttPresenter.swift in Sources */ = {isa = PBXBuildFile; fileRef = 8453AD7420E0E1E700174765 /* SttPresenter.swift */; };
		8453ADA820E0E1E800174765 /* SttRandom.swift in Sources */ = {isa = PBXBuildFile; fileRef = 8453AD7520E0E1E700174765 /* SttRandom.swift */; };
		8453ADA920E0E1E800174765 /* SttGlobalObserver.swift in Sources */ = {isa = PBXBuildFile; fileRef = 8453AD7620E0E1E700174765 /* SttGlobalObserver.swift */; };
		8453ADAA20E0E1E800174765 /* SttNavigation.swift in Sources */ = {isa = PBXBuildFile; fileRef = 8453AD7720E0E1E700174765 /* SttNavigation.swift */; };
		8453ADAB20E0E1E800174765 /* SttCollectionViewSource.swift in Sources */ = {isa = PBXBuildFile; fileRef = 8453AD7A20E0E1E700174765 /* SttCollectionViewSource.swift */; };
		8453ADAC20E0E1E800174765 /* SttTableViewSource.swift in Sources */ = {isa = PBXBuildFile; fileRef = 8453AD7B20E0E1E700174765 /* SttTableViewSource.swift */; };
		8453ADAD20E0E1E800174765 /* SttKeyboardNotification.swift in Sources */ = {isa = PBXBuildFile; fileRef = 8453AD7C20E0E1E700174765 /* SttKeyboardNotification.swift */; };
		8453ADAE20E0E1E800174765 /* SttViewable.swift in Sources */ = {isa = PBXBuildFile; fileRef = 8453AD7D20E0E1E700174765 /* SttViewable.swift */; };
		8453ADAF20E0E1E800174765 /* SttCollectionViewCell.swift in Sources */ = {isa = PBXBuildFile; fileRef = 8453AD7F20E0E1E700174765 /* SttCollectionViewCell.swift */; };
		8453ADB020E0E1E800174765 /* SttTableViewCell.swift in Sources */ = {isa = PBXBuildFile; fileRef = 8453AD8020E0E1E700174765 /* SttTableViewCell.swift */; };
		8453ADB120E0E1E800174765 /* SttViewController.swift in Sources */ = {isa = PBXBuildFile; fileRef = 8453AD8120E0E1E700174765 /* SttViewController.swift */; };
		8453ADB220E0E1E800174765 /* SttErrorLabel.swift in Sources */ = {isa = PBXBuildFile; fileRef = 8453AD8320E0E1E700174765 /* SttErrorLabel.swift */; };
		8453ADB320E0E1E800174765 /* SttTextField.swift in Sources */ = {isa = PBXBuildFile; fileRef = 8453AD8420E0E1E700174765 /* SttTextField.swift */; };
		8453ADB420E0E1E800174765 /* SttHandlerTextField.swift in Sources */ = {isa = PBXBuildFile; fileRef = 8453AD8620E0E1E700174765 /* SttHandlerTextField.swift */; };
		8453ADB520E0E1E800174765 /* SttViewableExtensions.swift in Sources */ = {isa = PBXBuildFile; fileRef = 8453AD8920E0E1E700174765 /* SttViewableExtensions.swift */; };
		8453ADB620E0E1E800174765 /* SttHttpServiceTypeExtensions.swift in Sources */ = {isa = PBXBuildFile; fileRef = 8453AD8B20E0E1E700174765 /* SttHttpServiceTypeExtensions.swift */; };
		8453ADB720E0E1E800174765 /* SttRepositoryTypeExtensions.swift in Sources */ = {isa = PBXBuildFile; fileRef = 8453AD8C20E0E1E700174765 /* SttRepositoryTypeExtensions.swift */; };
		8453ADB820E0E1E800174765 /* SttArrayExtensions.swift in Sources */ = {isa = PBXBuildFile; fileRef = 8453AD8D20E0E1E700174765 /* SttArrayExtensions.swift */; };
		8453ADB920E0E1E800174765 /* SttCodableExtensions.swift in Sources */ = {isa = PBXBuildFile; fileRef = 8453AD8E20E0E1E700174765 /* SttCodableExtensions.swift */; };
		8453ADBA20E0E1E800174765 /* SttCommandExtensions.swift in Sources */ = {isa = PBXBuildFile; fileRef = 8453AD8F20E0E1E700174765 /* SttCommandExtensions.swift */; };
		8453ADBB20E0E1E800174765 /* SttDateExtensions.swift in Sources */ = {isa = PBXBuildFile; fileRef = 8453AD9020E0E1E700174765 /* SttDateExtensions.swift */; };
		8453ADBC20E0E1E800174765 /* SttJsonDecoderExtensions.swift in Sources */ = {isa = PBXBuildFile; fileRef = 8453AD9120E0E1E700174765 /* SttJsonDecoderExtensions.swift */; };
		8453ADBD20E0E1E800174765 /* SttObservableExtensions.swift in Sources */ = {isa = PBXBuildFile; fileRef = 8453AD9220E0E1E700174765 /* SttObservableExtensions.swift */; };
		8453ADBE20E0E1E800174765 /* SttResultConverter.swift in Sources */ = {isa = PBXBuildFile; fileRef = 8453AD9320E0E1E700174765 /* SttResultConverter.swift */; };
		8453ADBF20E0E1E800174765 /* SttUIViewControllerExtensions.swift in Sources */ = {isa = PBXBuildFile; fileRef = 8453AD9420E0E1E700174765 /* SttUIViewControllerExtensions.swift */; };
		8453ADC020E0E1E800174765 /* SttUIViewExtensions.swift in Sources */ = {isa = PBXBuildFile; fileRef = 8453AD9520E0E1E700174765 /* SttUIViewExtensions.swift */; };
		8453ADC120E0E1E800174765 /* SttErrorModel.swift in Sources */ = {isa = PBXBuildFile; fileRef = 8453AD9720E0E1E700174765 /* SttErrorModel.swift */; };
		8453ADC220E0E1E800174765 /* SttSpecialResult.swift in Sources */ = {isa = PBXBuildFile; fileRef = 8453AD9820E0E1E700174765 /* SttSpecialResult.swift */; };
		8453ADC320E0E1E800174765 /* SttRealmObject.swift in Sources */ = {isa = PBXBuildFile; fileRef = 8453AD9B20E0E1E700174765 /* SttRealmObject.swift */; };
		8453ADC420E0E1E800174765 /* SttRealmProtocols.swift in Sources */ = {isa = PBXBuildFile; fileRef = 8453AD9C20E0E1E700174765 /* SttRealmProtocols.swift */; };
		8453ADC520E0E1E800174765 /* SttRepository.swift in Sources */ = {isa = PBXBuildFile; fileRef = 8453AD9D20E0E1E700174765 /* SttRepository.swift */; };
		8453ADC620E0E1E800174765 /* SttHttpService.swift in Sources */ = {isa = PBXBuildFile; fileRef = 8453AD9E20E0E1E700174765 /* SttHttpService.swift */; };
		8453ADC720E0E1E800174765 /* SttLog.swift in Sources */ = {isa = PBXBuildFile; fileRef = 8453AD9F20E0E1E700174765 /* SttLog.swift */; };
		8453ADC820E0E1E800174765 /* SttApplicationDelegate.swift in Sources */ = {isa = PBXBuildFile; fileRef = 8453ADA020E0E1E700174765 /* SttApplicationDelegate.swift */; };
		8453ADCA20E10ADC00174765 /* SttIdentifiers.swift in Sources */ = {isa = PBXBuildFile; fileRef = 8453ADC920E10ADC00174765 /* SttIdentifiers.swift */; };
		8462233C20BFE1F00059A83A /* DocumentEntityCell.swift in Sources */ = {isa = PBXBuildFile; fileRef = 8462233A20BFE1F00059A83A /* DocumentEntityCell.swift */; };
		8462233D20BFE1F00059A83A /* DocumentEntityCell.xib in Resources */ = {isa = PBXBuildFile; fileRef = 8462233B20BFE1F00059A83A /* DocumentEntityCell.xib */; };
		8462233F20BFE3D50059A83A /* DocumentEntitySource.swift in Sources */ = {isa = PBXBuildFile; fileRef = 8462233E20BFE3D50059A83A /* DocumentEntitySource.swift */; };
		8462234320C02DE20059A83A /* Image.swift in Sources */ = {isa = PBXBuildFile; fileRef = 8462234220C02DE20059A83A /* Image.swift */; };
		8462234520C02E690059A83A /* DateConverter.swift in Sources */ = {isa = PBXBuildFile; fileRef = 8462234420C02E690059A83A /* DateConverter.swift */; };
		8462234720C133D00059A83A /* CountProgressConverter.swift in Sources */ = {isa = PBXBuildFile; fileRef = 8462234620C133D00059A83A /* CountProgressConverter.swift */; };
		8466A6A420CFBDA200A888A0 /* LenderCell.swift in Sources */ = {isa = PBXBuildFile; fileRef = 8466A6A220CFBDA200A888A0 /* LenderCell.swift */; };
		8466A6A520CFBDA200A888A0 /* LenderCell.xib in Resources */ = {isa = PBXBuildFile; fileRef = 8466A6A320CFBDA200A888A0 /* LenderCell.xib */; };
		8466A6A820CFC97700A888A0 /* LenderPresenter.swift in Sources */ = {isa = PBXBuildFile; fileRef = 8466A6A720CFC97700A888A0 /* LenderPresenter.swift */; };
		8468DCB320B2B6E100701C93 /* ApiModel.swift in Sources */ = {isa = PBXBuildFile; fileRef = 8468DCB220B2B6E100701C93 /* ApiModel.swift */; };
		846F994C209B093600C61AE2 /* Storyb.swift in Sources */ = {isa = PBXBuildFile; fileRef = 846F994B209B093600C61AE2 /* Storyb.swift */; };
		846F9959209B0AB900C61AE2 /* Constants.swift in Sources */ = {isa = PBXBuildFile; fileRef = 846F9958209B0AB900C61AE2 /* Constants.swift */; };
		8479DFAC20D3DE60002CACA6 /* SttFormatterExtensions.swift in Sources */ = {isa = PBXBuildFile; fileRef = 8479DFAB20D3DE60002CACA6 /* SttFormatterExtensions.swift */; };
		8479DFAE20D3E133002CACA6 /* OffersViewController.swift in Sources */ = {isa = PBXBuildFile; fileRef = 8479DFAD20D3E133002CACA6 /* OffersViewController.swift */; };
		848C85E120A0480700026A5E /* AppDelegateExtensions.swift in Sources */ = {isa = PBXBuildFile; fileRef = 848C85E020A0480700026A5E /* AppDelegateExtensions.swift */; };
		848F4C2720D13288007ECC45 /* RejectedLendersPresenter.swift in Sources */ = {isa = PBXBuildFile; fileRef = 848F4C2620D13288007ECC45 /* RejectedLendersPresenter.swift */; };
		848F4C2920D13293007ECC45 /* NewLendersPresenter.swift in Sources */ = {isa = PBXBuildFile; fileRef = 848F4C2820D13293007ECC45 /* NewLendersPresenter.swift */; };
		848F4C2B20D132A3007ECC45 /* ApprovedLendersPresenter.swift in Sources */ = {isa = PBXBuildFile; fileRef = 848F4C2A20D132A3007ECC45 /* ApprovedLendersPresenter.swift */; };
		848F4C3320D2A4D6007ECC45 /* OfferApiModel.swift in Sources */ = {isa = PBXBuildFile; fileRef = 848F4C3220D2A4D6007ECC45 /* OfferApiModel.swift */; };
		848F4C3520D2AB74007ECC45 /* OfferInteractor.swift in Sources */ = {isa = PBXBuildFile; fileRef = 848F4C3420D2AB74007ECC45 /* OfferInteractor.swift */; };
		848F4C3720D2AE2C007ECC45 /* BaseLendersPresenter.swift in Sources */ = {isa = PBXBuildFile; fileRef = 848F4C3620D2AE2C007ECC45 /* BaseLendersPresenter.swift */; };
		848F4C3920D3BB36007ECC45 /* CountableConverter.swift in Sources */ = {isa = PBXBuildFile; fileRef = 848F4C3820D3BB36007ECC45 /* CountableConverter.swift */; };
		8493542720C6C03800C7EFF3 /* ProfileViewController.swift in Sources */ = {isa = PBXBuildFile; fileRef = 8493542620C6C03800C7EFF3 /* ProfileViewController.swift */; };
		8493542C20C6C6AC00C7EFF3 /* ProfilePresenter.swift in Sources */ = {isa = PBXBuildFile; fileRef = 8493542B20C6C6AC00C7EFF3 /* ProfilePresenter.swift */; };
		8497872720ADB0E0004F4B06 /* Roboto-Bold.ttf in Resources */ = {isa = PBXBuildFile; fileRef = 8497872220ADB0DE004F4B06 /* Roboto-Bold.ttf */; };
		8497872820ADB0E0004F4B06 /* Roboto-Medium.ttf in Resources */ = {isa = PBXBuildFile; fileRef = 8497872320ADB0DE004F4B06 /* Roboto-Medium.ttf */; };
		8497872920ADB0E0004F4B06 /* Roboto-Regular.ttf in Resources */ = {isa = PBXBuildFile; fileRef = 8497872420ADB0DE004F4B06 /* Roboto-Regular.ttf */; };
		8497872A20ADB0E0004F4B06 /* Roboto-Light.ttf in Resources */ = {isa = PBXBuildFile; fileRef = 8497872520ADB0DF004F4B06 /* Roboto-Light.ttf */; };
		8497872B20ADB0E0004F4B06 /* Roboto-Black.ttf in Resources */ = {isa = PBXBuildFile; fileRef = 8497872620ADB0DF004F4B06 /* Roboto-Black.ttf */; };
		84996DE720D3F21E0006ADFA /* Main.storyboard in Resources */ = {isa = PBXBuildFile; fileRef = 84996DE620D3F21E0006ADFA /* Main.storyboard */; };
		84996DE920D3F2840006ADFA /* Offer.storyboard in Resources */ = {isa = PBXBuildFile; fileRef = 84996DE820D3F2840006ADFA /* Offer.storyboard */; };
		84996DEB20D3F2CD0006ADFA /* Photo.storyboard in Resources */ = {isa = PBXBuildFile; fileRef = 84996DEA20D3F2CD0006ADFA /* Photo.storyboard */; };
		84996DF120D3FCA40006ADFA /* ViewOfferViewController.swift in Sources */ = {isa = PBXBuildFile; fileRef = 84996DF020D3FCA40006ADFA /* ViewOfferViewController.swift */; };
		84996DF320D3FD070006ADFA /* ViewOfferPresenter.swift in Sources */ = {isa = PBXBuildFile; fileRef = 84996DF220D3FD070006ADFA /* ViewOfferPresenter.swift */; };
		84996DF520D7A7D20006ADFA /* OfferDetailPresenter.swift in Sources */ = {isa = PBXBuildFile; fileRef = 84996DF420D7A7D20006ADFA /* OfferDetailPresenter.swift */; };
		84996DF920D7A9A00006ADFA /* OfferDetailTableViewCell.swift in Sources */ = {isa = PBXBuildFile; fileRef = 84996DF720D7A9A00006ADFA /* OfferDetailTableViewCell.swift */; };
		84996DFA20D7A9A00006ADFA /* OfferDetailTableViewCell.xib in Resources */ = {isa = PBXBuildFile; fileRef = 84996DF820D7A9A00006ADFA /* OfferDetailTableViewCell.xib */; };
		84996DFC20D7B0110006ADFA /* ViewOfferDetailConverter.swift in Sources */ = {isa = PBXBuildFile; fileRef = 84996DFB20D7B0110006ADFA /* ViewOfferDetailConverter.swift */; };
		84996E0020D7CB780006ADFA /* DocumentLenderCell.swift in Sources */ = {isa = PBXBuildFile; fileRef = 84996DFE20D7CB770006ADFA /* DocumentLenderCell.swift */; };
		84996E0120D7CB780006ADFA /* DocumentLenderCell.xib in Resources */ = {isa = PBXBuildFile; fileRef = 84996DFF20D7CB780006ADFA /* DocumentLenderCell.xib */; };
		84996E0320D7CCF40006ADFA /* DocumentLenderCellPresenter.swift in Sources */ = {isa = PBXBuildFile; fileRef = 84996E0220D7CCF40006ADFA /* DocumentLenderCellPresenter.swift */; };
		849D3F1020C80223004BB086 /* DeleteDocumentApiModel.swift in Sources */ = {isa = PBXBuildFile; fileRef = 849D3F0F20C80223004BB086 /* DeleteDocumentApiModel.swift */; };
		849D3F1220C81F01004BB086 /* UIImageView.swift in Sources */ = {isa = PBXBuildFile; fileRef = 849D3F1120C81F01004BB086 /* UIImageView.swift */; };
		849DBDB220C6D0E300A4CB80 /* RealmBorrowerDocument.swift in Sources */ = {isa = PBXBuildFile; fileRef = 849DBDB120C6D0E300A4CB80 /* RealmBorrowerDocument.swift */; };
		84C40ACF20AD7EE50050CA65 /* StartPagePresenter.swift in Sources */ = {isa = PBXBuildFile; fileRef = 84C40ACE20AD7EE50050CA65 /* StartPagePresenter.swift */; };
		84C40AD320AD7F570050CA65 /* StartPageViewController.swift in Sources */ = {isa = PBXBuildFile; fileRef = 84C40AD220AD7F570050CA65 /* StartPageViewController.swift */; };
		84C7FBF020B316EF0053C93A /* ExistModel.swift in Sources */ = {isa = PBXBuildFile; fileRef = 84C7FBEF20B316EF0053C93A /* ExistModel.swift */; };
		84C7FBF220B42DD50053C93A /* AccountService.swift in Sources */ = {isa = PBXBuildFile; fileRef = 84C7FBF120B42DD50053C93A /* AccountService.swift */; };
		84C7FBF420B444490053C93A /* SttUIImageExtensions.swift in Sources */ = {isa = PBXBuildFile; fileRef = 84C7FBF320B444490053C93A /* SttUIImageExtensions.swift */; };
		84C7FBF620B444760053C93A /* SttCamera.swift in Sources */ = {isa = PBXBuildFile; fileRef = 84C7FBF520B444760053C93A /* SttCamera.swift */; };
		84C7FBF920B4592D0053C93A /* ResultUploadImageApiModel.swift in Sources */ = {isa = PBXBuildFile; fileRef = 84C7FBF820B4592D0053C93A /* ResultUploadImageApiModel.swift */; };
		84C7FBFB20B45E2D0053C93A /* AccountModel.swift in Sources */ = {isa = PBXBuildFile; fileRef = 84C7FBFA20B45E2C0053C93A /* AccountModel.swift */; };
		84C7FBFF20B55E570053C93A /* AuthApiModel.swift in Sources */ = {isa = PBXBuildFile; fileRef = 84C7FBFE20B55E570053C93A /* AuthApiModel.swift */; };
/* End PBXBuildFile section */

/* Begin PBXFileReference section */
		038E26E30F23B569F13D500E /* Pods-YURT.debug.xcconfig */ = {isa = PBXFileReference; includeInIndex = 1; lastKnownFileType = text.xcconfig; name = "Pods-YURT.debug.xcconfig"; path = "Pods/Target Support Files/Pods-YURT/Pods-YURT.debug.xcconfig"; sourceTree = "<group>"; };
		1086D99CFBD13CE2194C4BF3 /* Pods_YURT.framework */ = {isa = PBXFileReference; explicitFileType = wrapper.framework; includeInIndex = 0; path = Pods_YURT.framework; sourceTree = BUILT_PRODUCTS_DIR; };
		6D4B0D72075918C1D3769FAA /* Pods-YURT.release.xcconfig */ = {isa = PBXFileReference; includeInIndex = 1; lastKnownFileType = text.xcconfig; name = "Pods-YURT.release.xcconfig"; path = "Pods/Target Support Files/Pods-YURT/Pods-YURT.release.xcconfig"; sourceTree = "<group>"; };
		7DD62D4A20C51C0100F33794 /* RealmAuth.swift */ = {isa = PBXFileReference; lastKnownFileType = sourcecode.swift; path = RealmAuth.swift; sourceTree = "<group>"; };
		840427E320B2E73D00C94765 /* UIConstants.swift */ = {isa = PBXFileReference; lastKnownFileType = sourcecode.swift; path = UIConstants.swift; sourceTree = "<group>"; };
		840427F220B2E87800C94765 /* NotificationError.swift */ = {isa = PBXFileReference; lastKnownFileType = sourcecode.swift; path = NotificationError.swift; sourceTree = "<group>"; };
		8407C09D20B8097E00045EFB /* TakePhotoViewController.swift */ = {isa = PBXFileReference; lastKnownFileType = sourcecode.swift; path = TakePhotoViewController.swift; sourceTree = "<group>"; };
		8407C0A020B8099A00045EFB /* TakePhotoPresenter.swift */ = {isa = PBXFileReference; lastKnownFileType = sourcecode.swift; path = TakePhotoPresenter.swift; sourceTree = "<group>"; };
		842239E120BD6FB20028FDAA /* PreviewPhotoViewController.swift */ = {isa = PBXFileReference; lastKnownFileType = sourcecode.swift; path = PreviewPhotoViewController.swift; sourceTree = "<group>"; };
		842239E420BE93CF0028FDAA /* DocumentsViewController.swift */ = {isa = PBXFileReference; lastKnownFileType = sourcecode.swift; path = DocumentsViewController.swift; sourceTree = "<group>"; };
		842239E620BE9E0E0028FDAA /* SttCollectionViewWithSectionSource.swift */ = {isa = PBXFileReference; lastKnownFileType = sourcecode.swift; path = SttCollectionViewWithSectionSource.swift; sourceTree = "<group>"; };
		842239E820BEA1C40028FDAA /* DocumentEntityPresenter.swift */ = {isa = PBXFileReference; lastKnownFileType = sourcecode.swift; path = DocumentEntityPresenter.swift; sourceTree = "<group>"; };
		842239EA20BED6890028FDAA /* PercentConverter.swift */ = {isa = PBXFileReference; lastKnownFileType = sourcecode.swift; path = PercentConverter.swift; sourceTree = "<group>"; };
		842239ED20BEDA9B0028FDAA /* DocumentsPresenter.swift */ = {isa = PBXFileReference; lastKnownFileType = sourcecode.swift; path = DocumentsPresenter.swift; sourceTree = "<group>"; };
		842239F120BEE4AD0028FDAA /* DocumentsEntityHeaderPresenter.swift */ = {isa = PBXFileReference; lastKnownFileType = sourcecode.swift; path = DocumentsEntityHeaderPresenter.swift; sourceTree = "<group>"; };
		842239F720BEE5C90028FDAA /* NoDocumentEntityCell.swift */ = {isa = PBXFileReference; lastKnownFileType = sourcecode.swift; path = NoDocumentEntityCell.swift; sourceTree = "<group>"; };
		842239F820BEE5C90028FDAA /* NoDocumentEntityCell.xib */ = {isa = PBXFileReference; lastKnownFileType = file.xib; path = NoDocumentEntityCell.xib; sourceTree = "<group>"; };
		842239FD20BEEA440028FDAA /* DocumentEntityHeaderView.swift */ = {isa = PBXFileReference; lastKnownFileType = sourcecode.swift; path = DocumentEntityHeaderView.swift; sourceTree = "<group>"; };
		84223A0020BEEC0A0028FDAA /* SttCollectionReusableView.swift */ = {isa = PBXFileReference; lastKnownFileType = sourcecode.swift; path = SttCollectionReusableView.swift; sourceTree = "<group>"; };
		8428FFE220AF036D00D7BF1B /* SignUpViewController.swift */ = {isa = PBXFileReference; lastKnownFileType = sourcecode.swift; path = SignUpViewController.swift; sourceTree = "<group>"; };
		8428FFE420AF03BD00D7BF1B /* SignUpPresenter.swift */ = {isa = PBXFileReference; lastKnownFileType = sourcecode.swift; path = SignUpPresenter.swift; sourceTree = "<group>"; };
		842E1EB020AC5584003D2CDA /* RealmStorageProvider.swift */ = {isa = PBXFileReference; lastKnownFileType = sourcecode.swift; path = RealmStorageProvider.swift; sourceTree = "<group>"; };
		842E1EB220AC55AC003D2CDA /* ServiceAssembly.swift */ = {isa = PBXFileReference; lastKnownFileType = sourcecode.swift; path = ServiceAssembly.swift; sourceTree = "<group>"; };
		842E1EB420AC55CD003D2CDA /* ServiceInjectorAssembly.swift */ = {isa = PBXFileReference; lastKnownFileType = sourcecode.swift; path = ServiceInjectorAssembly.swift; sourceTree = "<group>"; };
		842E1EBF20AD6EB1003D2CDA /* InputBox.swift */ = {isa = PBXFileReference; fileEncoding = 4; lastKnownFileType = sourcecode.swift; name = InputBox.swift; path = "YURT/Views/New Group/InputBox.swift"; sourceTree = SOURCE_ROOT; };
		842E1EC020AD6EB1003D2CDA /* InputBox.xib */ = {isa = PBXFileReference; fileEncoding = 4; lastKnownFileType = file.xib; name = InputBox.xib; path = "YURT/Views/New Group/InputBox.xib"; sourceTree = SOURCE_ROOT; };
		842E1EC320AD6EBD003D2CDA /* SttTemplate.swift */ = {isa = PBXFileReference; fileEncoding = 4; lastKnownFileType = sourcecode.swift; name = SttTemplate.swift; path = YURT/SttLib/Components/View/UIController/SttTemplate.swift; sourceTree = SOURCE_ROOT; };
		842E1EC820AD7138003D2CDA /* Login.storyboard */ = {isa = PBXFileReference; lastKnownFileType = file.storyboard; path = Login.storyboard; sourceTree = "<group>"; };
		842E1ECA20AD716F003D2CDA /* Icons.xcassets */ = {isa = PBXFileReference; lastKnownFileType = folder.assetcatalog; path = Icons.xcassets; sourceTree = "<group>"; };
		8437E00120CFDC5F0043445D /* NewLendersViewController.swift */ = {isa = PBXFileReference; lastKnownFileType = sourcecode.swift; path = NewLendersViewController.swift; sourceTree = "<group>"; };
		8437E00220CFDC5F0043445D /* NewLendersViewController.xib */ = {isa = PBXFileReference; lastKnownFileType = file.xib; path = NewLendersViewController.xib; sourceTree = "<group>"; };
		8437E00A20CFE9B00043445D /* SttViewPage.swift */ = {isa = PBXFileReference; lastKnownFileType = sourcecode.swift; path = SttViewPage.swift; sourceTree = "<group>"; };
		8437E00C20CFEF760043445D /* SttUISegmentControlExtensions.swift */ = {isa = PBXFileReference; lastKnownFileType = sourcecode.swift; path = SttUISegmentControlExtensions.swift; sourceTree = "<group>"; };
		8437E01020D0057D0043445D /* ApprovedLendersViewController.swift */ = {isa = PBXFileReference; lastKnownFileType = sourcecode.swift; path = ApprovedLendersViewController.swift; sourceTree = "<group>"; };
		8437E01120D0057D0043445D /* ApprovedLendersViewController.xib */ = {isa = PBXFileReference; lastKnownFileType = file.xib; path = ApprovedLendersViewController.xib; sourceTree = "<group>"; };
		8437E01420D0059F0043445D /* RejectedLendersViewController.swift */ = {isa = PBXFileReference; lastKnownFileType = sourcecode.swift; path = RejectedLendersViewController.swift; sourceTree = "<group>"; };
		8437E01520D0059F0043445D /* RejectedLendersViewController.xib */ = {isa = PBXFileReference; lastKnownFileType = file.xib; path = RejectedLendersViewController.xib; sourceTree = "<group>"; };
		84484F50209B05D4006BBD11 /* YURT.app */ = {isa = PBXFileReference; explicitFileType = wrapper.application; includeInIndex = 0; path = YURT.app; sourceTree = BUILT_PRODUCTS_DIR; };
		84484F53209B05D4006BBD11 /* AppDelegate.swift */ = {isa = PBXFileReference; lastKnownFileType = sourcecode.swift; path = AppDelegate.swift; sourceTree = "<group>"; };
		84484F55209B05D4006BBD11 /* ViewController.swift */ = {isa = PBXFileReference; lastKnownFileType = sourcecode.swift; path = ViewController.swift; sourceTree = "<group>"; };
		84484F5A209B05D6006BBD11 /* Assets.xcassets */ = {isa = PBXFileReference; lastKnownFileType = folder.assetcatalog; path = Assets.xcassets; sourceTree = "<group>"; };
		84484F5D209B05D6006BBD11 /* Base */ = {isa = PBXFileReference; lastKnownFileType = file.storyboard; name = Base; path = Base.lproj/LaunchScreen.storyboard; sourceTree = "<group>"; };
		84484F5F209B05D6006BBD11 /* Info.plist */ = {isa = PBXFileReference; lastKnownFileType = text.plist.xml; path = Info.plist; sourceTree = "<group>"; };
		84484F6C209B3FA0006BBD11 /* ApiService.swift */ = {isa = PBXFileReference; lastKnownFileType = sourcecode.swift; path = ApiService.swift; sourceTree = "<group>"; };
		844EC24220C54A37006CF9EF /* ShowPhotoViewController.swift */ = {isa = PBXFileReference; lastKnownFileType = sourcecode.swift; path = ShowPhotoViewController.swift; sourceTree = "<group>"; };
		844EC24520C54A79006CF9EF /* ShowPhotoPresenter.swift */ = {isa = PBXFileReference; lastKnownFileType = sourcecode.swift; path = ShowPhotoPresenter.swift; sourceTree = "<group>"; };
		844EC24720C58897006CF9EF /* DocumentService.swift */ = {isa = PBXFileReference; lastKnownFileType = sourcecode.swift; path = DocumentService.swift; sourceTree = "<group>"; };
		844EC24920C58A16006CF9EF /* AddDocumentApiModel.swift */ = {isa = PBXFileReference; lastKnownFileType = sourcecode.swift; path = AddDocumentApiModel.swift; sourceTree = "<group>"; };
		844EC24B20C58B9C006CF9EF /* BorrowerDocumentApiModel.swift */ = {isa = PBXFileReference; lastKnownFileType = sourcecode.swift; path = BorrowerDocumentApiModel.swift; sourceTree = "<group>"; };
		844F800320AD74940030DCC3 /* Colors.xcassets */ = {isa = PBXFileReference; lastKnownFileType = folder.assetcatalog; path = Colors.xcassets; sourceTree = "<group>"; };
		8453AD6E20E0E1E700174765 /* CachingPlayerItem.swift */ = {isa = PBXFileReference; fileEncoding = 4; lastKnownFileType = sourcecode.swift; path = CachingPlayerItem.swift; sourceTree = "<group>"; };
		8453AD6F20E0E1E700174765 /* SttComand.swift */ = {isa = PBXFileReference; fileEncoding = 4; lastKnownFileType = sourcecode.swift; path = SttComand.swift; sourceTree = "<group>"; };
		8453AD7020E0E1E700174765 /* SttConnectivity.swift */ = {isa = PBXFileReference; fileEncoding = 4; lastKnownFileType = sourcecode.swift; path = SttConnectivity.swift; sourceTree = "<group>"; };
		8453AD7120E0E1E700174765 /* SttConverter.swift */ = {isa = PBXFileReference; fileEncoding = 4; lastKnownFileType = sourcecode.swift; path = SttConverter.swift; sourceTree = "<group>"; };
		8453AD7220E0E1E700174765 /* SttDictionaryCodable.swift */ = {isa = PBXFileReference; fileEncoding = 4; lastKnownFileType = sourcecode.swift; path = SttDictionaryCodable.swift; sourceTree = "<group>"; };
		8453AD7320E0E1E700174765 /* SttObservableCollection.swift */ = {isa = PBXFileReference; fileEncoding = 4; lastKnownFileType = sourcecode.swift; path = SttObservableCollection.swift; sourceTree = "<group>"; };
		8453AD7420E0E1E700174765 /* SttPresenter.swift */ = {isa = PBXFileReference; fileEncoding = 4; lastKnownFileType = sourcecode.swift; path = SttPresenter.swift; sourceTree = "<group>"; };
		8453AD7520E0E1E700174765 /* SttRandom.swift */ = {isa = PBXFileReference; fileEncoding = 4; lastKnownFileType = sourcecode.swift; path = SttRandom.swift; sourceTree = "<group>"; };
		8453AD7620E0E1E700174765 /* SttGlobalObserver.swift */ = {isa = PBXFileReference; fileEncoding = 4; lastKnownFileType = sourcecode.swift; path = SttGlobalObserver.swift; sourceTree = "<group>"; };
		8453AD7720E0E1E700174765 /* SttNavigation.swift */ = {isa = PBXFileReference; fileEncoding = 4; lastKnownFileType = sourcecode.swift; path = SttNavigation.swift; sourceTree = "<group>"; };
		8453AD7A20E0E1E700174765 /* SttCollectionViewSource.swift */ = {isa = PBXFileReference; fileEncoding = 4; lastKnownFileType = sourcecode.swift; path = SttCollectionViewSource.swift; sourceTree = "<group>"; };
		8453AD7B20E0E1E700174765 /* SttTableViewSource.swift */ = {isa = PBXFileReference; fileEncoding = 4; lastKnownFileType = sourcecode.swift; path = SttTableViewSource.swift; sourceTree = "<group>"; };
		8453AD7C20E0E1E700174765 /* SttKeyboardNotification.swift */ = {isa = PBXFileReference; fileEncoding = 4; lastKnownFileType = sourcecode.swift; path = SttKeyboardNotification.swift; sourceTree = "<group>"; };
		8453AD7D20E0E1E700174765 /* SttViewable.swift */ = {isa = PBXFileReference; fileEncoding = 4; lastKnownFileType = sourcecode.swift; path = SttViewable.swift; sourceTree = "<group>"; };
		8453AD7F20E0E1E700174765 /* SttCollectionViewCell.swift */ = {isa = PBXFileReference; fileEncoding = 4; lastKnownFileType = sourcecode.swift; path = SttCollectionViewCell.swift; sourceTree = "<group>"; };
		8453AD8020E0E1E700174765 /* SttTableViewCell.swift */ = {isa = PBXFileReference; fileEncoding = 4; lastKnownFileType = sourcecode.swift; path = SttTableViewCell.swift; sourceTree = "<group>"; };
		8453AD8120E0E1E700174765 /* SttViewController.swift */ = {isa = PBXFileReference; fileEncoding = 4; lastKnownFileType = sourcecode.swift; path = SttViewController.swift; sourceTree = "<group>"; };
		8453AD8320E0E1E700174765 /* SttErrorLabel.swift */ = {isa = PBXFileReference; fileEncoding = 4; lastKnownFileType = sourcecode.swift; path = SttErrorLabel.swift; sourceTree = "<group>"; };
		8453AD8420E0E1E700174765 /* SttTextField.swift */ = {isa = PBXFileReference; fileEncoding = 4; lastKnownFileType = sourcecode.swift; path = SttTextField.swift; sourceTree = "<group>"; };
		8453AD8620E0E1E700174765 /* SttHandlerTextField.swift */ = {isa = PBXFileReference; fileEncoding = 4; lastKnownFileType = sourcecode.swift; path = SttHandlerTextField.swift; sourceTree = "<group>"; };
		8453AD8920E0E1E700174765 /* SttViewableExtensions.swift */ = {isa = PBXFileReference; fileEncoding = 4; lastKnownFileType = sourcecode.swift; path = SttViewableExtensions.swift; sourceTree = "<group>"; };
		8453AD8B20E0E1E700174765 /* SttHttpServiceTypeExtensions.swift */ = {isa = PBXFileReference; fileEncoding = 4; lastKnownFileType = sourcecode.swift; path = SttHttpServiceTypeExtensions.swift; sourceTree = "<group>"; };
		8453AD8C20E0E1E700174765 /* SttRepositoryTypeExtensions.swift */ = {isa = PBXFileReference; fileEncoding = 4; lastKnownFileType = sourcecode.swift; path = SttRepositoryTypeExtensions.swift; sourceTree = "<group>"; };
		8453AD8D20E0E1E700174765 /* SttArrayExtensions.swift */ = {isa = PBXFileReference; fileEncoding = 4; lastKnownFileType = sourcecode.swift; path = SttArrayExtensions.swift; sourceTree = "<group>"; };
		8453AD8E20E0E1E700174765 /* SttCodableExtensions.swift */ = {isa = PBXFileReference; fileEncoding = 4; lastKnownFileType = sourcecode.swift; path = SttCodableExtensions.swift; sourceTree = "<group>"; };
		8453AD8F20E0E1E700174765 /* SttCommandExtensions.swift */ = {isa = PBXFileReference; fileEncoding = 4; lastKnownFileType = sourcecode.swift; path = SttCommandExtensions.swift; sourceTree = "<group>"; };
		8453AD9020E0E1E700174765 /* SttDateExtensions.swift */ = {isa = PBXFileReference; fileEncoding = 4; lastKnownFileType = sourcecode.swift; path = SttDateExtensions.swift; sourceTree = "<group>"; };
		8453AD9120E0E1E700174765 /* SttJsonDecoderExtensions.swift */ = {isa = PBXFileReference; fileEncoding = 4; lastKnownFileType = sourcecode.swift; path = SttJsonDecoderExtensions.swift; sourceTree = "<group>"; };
		8453AD9220E0E1E700174765 /* SttObservableExtensions.swift */ = {isa = PBXFileReference; fileEncoding = 4; lastKnownFileType = sourcecode.swift; path = SttObservableExtensions.swift; sourceTree = "<group>"; };
		8453AD9320E0E1E700174765 /* SttResultConverter.swift */ = {isa = PBXFileReference; fileEncoding = 4; lastKnownFileType = sourcecode.swift; path = SttResultConverter.swift; sourceTree = "<group>"; };
		8453AD9420E0E1E700174765 /* SttUIViewControllerExtensions.swift */ = {isa = PBXFileReference; fileEncoding = 4; lastKnownFileType = sourcecode.swift; path = SttUIViewControllerExtensions.swift; sourceTree = "<group>"; };
		8453AD9520E0E1E700174765 /* SttUIViewExtensions.swift */ = {isa = PBXFileReference; fileEncoding = 4; lastKnownFileType = sourcecode.swift; path = SttUIViewExtensions.swift; sourceTree = "<group>"; };
		8453AD9720E0E1E700174765 /* SttErrorModel.swift */ = {isa = PBXFileReference; fileEncoding = 4; lastKnownFileType = sourcecode.swift; path = SttErrorModel.swift; sourceTree = "<group>"; };
		8453AD9820E0E1E700174765 /* SttSpecialResult.swift */ = {isa = PBXFileReference; fileEncoding = 4; lastKnownFileType = sourcecode.swift; path = SttSpecialResult.swift; sourceTree = "<group>"; };
		8453AD9B20E0E1E700174765 /* SttRealmObject.swift */ = {isa = PBXFileReference; fileEncoding = 4; lastKnownFileType = sourcecode.swift; path = SttRealmObject.swift; sourceTree = "<group>"; };
		8453AD9C20E0E1E700174765 /* SttRealmProtocols.swift */ = {isa = PBXFileReference; fileEncoding = 4; lastKnownFileType = sourcecode.swift; path = SttRealmProtocols.swift; sourceTree = "<group>"; };
		8453AD9D20E0E1E700174765 /* SttRepository.swift */ = {isa = PBXFileReference; fileEncoding = 4; lastKnownFileType = sourcecode.swift; path = SttRepository.swift; sourceTree = "<group>"; };
		8453AD9E20E0E1E700174765 /* SttHttpService.swift */ = {isa = PBXFileReference; fileEncoding = 4; lastKnownFileType = sourcecode.swift; path = SttHttpService.swift; sourceTree = "<group>"; };
		8453AD9F20E0E1E700174765 /* SttLog.swift */ = {isa = PBXFileReference; fileEncoding = 4; lastKnownFileType = sourcecode.swift; path = SttLog.swift; sourceTree = "<group>"; };
		8453ADA020E0E1E700174765 /* SttApplicationDelegate.swift */ = {isa = PBXFileReference; fileEncoding = 4; lastKnownFileType = sourcecode.swift; path = SttApplicationDelegate.swift; sourceTree = "<group>"; };
		8453ADC920E10ADC00174765 /* SttIdentifiers.swift */ = {isa = PBXFileReference; lastKnownFileType = sourcecode.swift; path = SttIdentifiers.swift; sourceTree = "<group>"; };
		8462233A20BFE1F00059A83A /* DocumentEntityCell.swift */ = {isa = PBXFileReference; lastKnownFileType = sourcecode.swift; path = DocumentEntityCell.swift; sourceTree = "<group>"; };
		8462233B20BFE1F00059A83A /* DocumentEntityCell.xib */ = {isa = PBXFileReference; lastKnownFileType = file.xib; path = DocumentEntityCell.xib; sourceTree = "<group>"; };
		8462233E20BFE3D50059A83A /* DocumentEntitySource.swift */ = {isa = PBXFileReference; lastKnownFileType = sourcecode.swift; path = DocumentEntitySource.swift; sourceTree = "<group>"; };
		8462234220C02DE20059A83A /* Image.swift */ = {isa = PBXFileReference; lastKnownFileType = sourcecode.swift; path = Image.swift; sourceTree = "<group>"; };
		8462234420C02E690059A83A /* DateConverter.swift */ = {isa = PBXFileReference; lastKnownFileType = sourcecode.swift; path = DateConverter.swift; sourceTree = "<group>"; };
		8462234620C133D00059A83A /* CountProgressConverter.swift */ = {isa = PBXFileReference; lastKnownFileType = sourcecode.swift; path = CountProgressConverter.swift; sourceTree = "<group>"; };
		8466A6A220CFBDA200A888A0 /* LenderCell.swift */ = {isa = PBXFileReference; lastKnownFileType = sourcecode.swift; path = LenderCell.swift; sourceTree = "<group>"; };
		8466A6A320CFBDA200A888A0 /* LenderCell.xib */ = {isa = PBXFileReference; lastKnownFileType = file.xib; path = LenderCell.xib; sourceTree = "<group>"; };
		8466A6A720CFC97700A888A0 /* LenderPresenter.swift */ = {isa = PBXFileReference; lastKnownFileType = sourcecode.swift; path = LenderPresenter.swift; sourceTree = "<group>"; };
		8468DCB220B2B6E100701C93 /* ApiModel.swift */ = {isa = PBXFileReference; lastKnownFileType = sourcecode.swift; path = ApiModel.swift; sourceTree = "<group>"; };
		846F994B209B093600C61AE2 /* Storyb.swift */ = {isa = PBXFileReference; lastKnownFileType = sourcecode.swift; path = Storyb.swift; sourceTree = "<group>"; };
		846F9958209B0AB900C61AE2 /* Constants.swift */ = {isa = PBXFileReference; lastKnownFileType = sourcecode.swift; path = Constants.swift; sourceTree = "<group>"; };
		8479DFAB20D3DE60002CACA6 /* SttFormatterExtensions.swift */ = {isa = PBXFileReference; lastKnownFileType = sourcecode.swift; path = SttFormatterExtensions.swift; sourceTree = "<group>"; };
		8479DFAD20D3E133002CACA6 /* OffersViewController.swift */ = {isa = PBXFileReference; lastKnownFileType = sourcecode.swift; path = OffersViewController.swift; sourceTree = "<group>"; };
		848C85E020A0480700026A5E /* AppDelegateExtensions.swift */ = {isa = PBXFileReference; lastKnownFileType = sourcecode.swift; path = AppDelegateExtensions.swift; sourceTree = "<group>"; };
		848F4C2620D13288007ECC45 /* RejectedLendersPresenter.swift */ = {isa = PBXFileReference; lastKnownFileType = sourcecode.swift; path = RejectedLendersPresenter.swift; sourceTree = "<group>"; };
		848F4C2820D13293007ECC45 /* NewLendersPresenter.swift */ = {isa = PBXFileReference; lastKnownFileType = sourcecode.swift; path = NewLendersPresenter.swift; sourceTree = "<group>"; };
		848F4C2A20D132A3007ECC45 /* ApprovedLendersPresenter.swift */ = {isa = PBXFileReference; lastKnownFileType = sourcecode.swift; path = ApprovedLendersPresenter.swift; sourceTree = "<group>"; };
		848F4C3220D2A4D6007ECC45 /* OfferApiModel.swift */ = {isa = PBXFileReference; lastKnownFileType = sourcecode.swift; path = OfferApiModel.swift; sourceTree = "<group>"; };
		848F4C3420D2AB74007ECC45 /* OfferInteractor.swift */ = {isa = PBXFileReference; lastKnownFileType = sourcecode.swift; path = OfferInteractor.swift; sourceTree = "<group>"; };
		848F4C3620D2AE2C007ECC45 /* BaseLendersPresenter.swift */ = {isa = PBXFileReference; lastKnownFileType = sourcecode.swift; path = BaseLendersPresenter.swift; sourceTree = "<group>"; };
		848F4C3820D3BB36007ECC45 /* CountableConverter.swift */ = {isa = PBXFileReference; lastKnownFileType = sourcecode.swift; path = CountableConverter.swift; sourceTree = "<group>"; };
		8493542620C6C03800C7EFF3 /* ProfileViewController.swift */ = {isa = PBXFileReference; lastKnownFileType = sourcecode.swift; path = ProfileViewController.swift; sourceTree = "<group>"; };
		8493542B20C6C6AC00C7EFF3 /* ProfilePresenter.swift */ = {isa = PBXFileReference; lastKnownFileType = sourcecode.swift; path = ProfilePresenter.swift; sourceTree = "<group>"; };
		8497872220ADB0DE004F4B06 /* Roboto-Bold.ttf */ = {isa = PBXFileReference; lastKnownFileType = file; path = "Roboto-Bold.ttf"; sourceTree = "<group>"; };
		8497872320ADB0DE004F4B06 /* Roboto-Medium.ttf */ = {isa = PBXFileReference; lastKnownFileType = file; path = "Roboto-Medium.ttf"; sourceTree = "<group>"; };
		8497872420ADB0DE004F4B06 /* Roboto-Regular.ttf */ = {isa = PBXFileReference; lastKnownFileType = file; path = "Roboto-Regular.ttf"; sourceTree = "<group>"; };
		8497872520ADB0DF004F4B06 /* Roboto-Light.ttf */ = {isa = PBXFileReference; lastKnownFileType = file; path = "Roboto-Light.ttf"; sourceTree = "<group>"; };
		8497872620ADB0DF004F4B06 /* Roboto-Black.ttf */ = {isa = PBXFileReference; lastKnownFileType = file; path = "Roboto-Black.ttf"; sourceTree = "<group>"; };
		84996DE620D3F21E0006ADFA /* Main.storyboard */ = {isa = PBXFileReference; fileEncoding = 4; lastKnownFileType = file.storyboard; path = Main.storyboard; sourceTree = "<group>"; };
		84996DE820D3F2840006ADFA /* Offer.storyboard */ = {isa = PBXFileReference; fileEncoding = 4; lastKnownFileType = file.storyboard; path = Offer.storyboard; sourceTree = "<group>"; };
		84996DEA20D3F2CD0006ADFA /* Photo.storyboard */ = {isa = PBXFileReference; fileEncoding = 4; lastKnownFileType = file.storyboard; path = Photo.storyboard; sourceTree = "<group>"; };
		84996DF020D3FCA40006ADFA /* ViewOfferViewController.swift */ = {isa = PBXFileReference; lastKnownFileType = sourcecode.swift; path = ViewOfferViewController.swift; sourceTree = "<group>"; };
		84996DF220D3FD070006ADFA /* ViewOfferPresenter.swift */ = {isa = PBXFileReference; lastKnownFileType = sourcecode.swift; path = ViewOfferPresenter.swift; sourceTree = "<group>"; };
		84996DF420D7A7D20006ADFA /* OfferDetailPresenter.swift */ = {isa = PBXFileReference; lastKnownFileType = sourcecode.swift; path = OfferDetailPresenter.swift; sourceTree = "<group>"; };
		84996DF720D7A9A00006ADFA /* OfferDetailTableViewCell.swift */ = {isa = PBXFileReference; lastKnownFileType = sourcecode.swift; path = OfferDetailTableViewCell.swift; sourceTree = "<group>"; };
		84996DF820D7A9A00006ADFA /* OfferDetailTableViewCell.xib */ = {isa = PBXFileReference; lastKnownFileType = file.xib; path = OfferDetailTableViewCell.xib; sourceTree = "<group>"; };
		84996DFB20D7B0110006ADFA /* ViewOfferDetailConverter.swift */ = {isa = PBXFileReference; lastKnownFileType = sourcecode.swift; path = ViewOfferDetailConverter.swift; sourceTree = "<group>"; };
		84996DFE20D7CB770006ADFA /* DocumentLenderCell.swift */ = {isa = PBXFileReference; lastKnownFileType = sourcecode.swift; path = DocumentLenderCell.swift; sourceTree = "<group>"; };
		84996DFF20D7CB780006ADFA /* DocumentLenderCell.xib */ = {isa = PBXFileReference; lastKnownFileType = file.xib; path = DocumentLenderCell.xib; sourceTree = "<group>"; };
		84996E0220D7CCF40006ADFA /* DocumentLenderCellPresenter.swift */ = {isa = PBXFileReference; lastKnownFileType = sourcecode.swift; path = DocumentLenderCellPresenter.swift; sourceTree = "<group>"; };
		849D3F0F20C80223004BB086 /* DeleteDocumentApiModel.swift */ = {isa = PBXFileReference; lastKnownFileType = sourcecode.swift; path = DeleteDocumentApiModel.swift; sourceTree = "<group>"; };
		849D3F1120C81F01004BB086 /* UIImageView.swift */ = {isa = PBXFileReference; lastKnownFileType = sourcecode.swift; path = UIImageView.swift; sourceTree = "<group>"; };
		849DBDB120C6D0E300A4CB80 /* RealmBorrowerDocument.swift */ = {isa = PBXFileReference; lastKnownFileType = sourcecode.swift; path = RealmBorrowerDocument.swift; sourceTree = "<group>"; };
		84C40ACE20AD7EE50050CA65 /* StartPagePresenter.swift */ = {isa = PBXFileReference; lastKnownFileType = sourcecode.swift; path = StartPagePresenter.swift; sourceTree = "<group>"; };
		84C40AD220AD7F570050CA65 /* StartPageViewController.swift */ = {isa = PBXFileReference; lastKnownFileType = sourcecode.swift; path = StartPageViewController.swift; sourceTree = "<group>"; };
		84C7FBEF20B316EF0053C93A /* ExistModel.swift */ = {isa = PBXFileReference; lastKnownFileType = sourcecode.swift; path = ExistModel.swift; sourceTree = "<group>"; };
		84C7FBF120B42DD50053C93A /* AccountService.swift */ = {isa = PBXFileReference; lastKnownFileType = sourcecode.swift; path = AccountService.swift; sourceTree = "<group>"; };
		84C7FBF320B444490053C93A /* SttUIImageExtensions.swift */ = {isa = PBXFileReference; lastKnownFileType = sourcecode.swift; path = SttUIImageExtensions.swift; sourceTree = "<group>"; };
		84C7FBF520B444760053C93A /* SttCamera.swift */ = {isa = PBXFileReference; lastKnownFileType = sourcecode.swift; path = SttCamera.swift; sourceTree = "<group>"; };
		84C7FBF820B4592D0053C93A /* ResultUploadImageApiModel.swift */ = {isa = PBXFileReference; lastKnownFileType = sourcecode.swift; path = ResultUploadImageApiModel.swift; sourceTree = "<group>"; };
		84C7FBFA20B45E2C0053C93A /* AccountModel.swift */ = {isa = PBXFileReference; lastKnownFileType = sourcecode.swift; path = AccountModel.swift; sourceTree = "<group>"; };
		84C7FBFE20B55E570053C93A /* AuthApiModel.swift */ = {isa = PBXFileReference; lastKnownFileType = sourcecode.swift; path = AuthApiModel.swift; sourceTree = "<group>"; };
/* End PBXFileReference section */

/* Begin PBXFrameworksBuildPhase section */
		84484F4D209B05D4006BBD11 /* Frameworks */ = {
			isa = PBXFrameworksBuildPhase;
			buildActionMask = 2147483647;
			files = (
				226B5245553274D2D79FCA3F /* Pods_YURT.framework in Frameworks */,
			);
			runOnlyForDeploymentPostprocessing = 0;
		};
/* End PBXFrameworksBuildPhase section */

/* Begin PBXGroup section */
		743DA54CEC14F5341B39CBDE /* Pods */ = {
			isa = PBXGroup;
			children = (
				038E26E30F23B569F13D500E /* Pods-YURT.debug.xcconfig */,
				6D4B0D72075918C1D3769FAA /* Pods-YURT.release.xcconfig */,
			);
			name = Pods;
			sourceTree = "<group>";
		};
		7DD62D4C20C5229900F33794 /* TemplateView */ = {
			isa = PBXGroup;
			children = (
				842E1EBF20AD6EB1003D2CDA /* InputBox.swift */,
				842E1EC020AD6EB1003D2CDA /* InputBox.xib */,
			);
			name = TemplateView;
			path = "New Group";
			sourceTree = "<group>";
		};
		840427E720B2E77000C94765 /* Converters */ = {
			isa = PBXGroup;
			children = (
				842239EA20BED6890028FDAA /* PercentConverter.swift */,
				8462234420C02E690059A83A /* DateConverter.swift */,
				8462234620C133D00059A83A /* CountProgressConverter.swift */,
				848F4C3820D3BB36007ECC45 /* CountableConverter.swift */,
				84996DFB20D7B0110006ADFA /* ViewOfferDetailConverter.swift */,
			);
			path = Converters;
			sourceTree = "<group>";
		};
		840427F620B2E95700C94765 /* Cells */ = {
			isa = PBXGroup;
			children = (
				842239F020BEE4900028FDAA /* NoDocumentsEntity */,
				8466A6A720CFC97700A888A0 /* LenderPresenter.swift */,
				84996E0220D7CCF40006ADFA /* DocumentLenderCellPresenter.swift */,
			);
			path = Cells;
			sourceTree = "<group>";
		};
		840427F720B2E95F00C94765 /* Views */ = {
			isa = PBXGroup;
			children = (
				848F4C2520D13270007ECC45 /* Offers */,
				8493542A20C6C69A00C7EFF3 /* Profile */,
				842239EC20BEDA8A0028FDAA /* Documents */,
				8407C09F20B8098400045EFB /* TakingPhoto */,
				84C40ACD20AD7ECD0050CA65 /* Login */,
			);
			path = Views;
			sourceTree = "<group>";
		};
		840427F920B2E9D700C94765 /* Delegate */ = {
			isa = PBXGroup;
			children = (
			);
			path = Delegate;
			sourceTree = "<group>";
		};
		840427FE20B2EAA300C94765 /* Source */ = {
			isa = PBXGroup;
			children = (
			);
			path = Source;
			sourceTree = "<group>";
		};
		840427FF20B2EB8900C94765 /* Cell */ = {
			isa = PBXGroup;
			children = (
			);
			path = Cell;
			sourceTree = "<group>";
		};
		8407C09C20B8096600045EFB /* TakingPhoto */ = {
			isa = PBXGroup;
			children = (
				8407C09D20B8097E00045EFB /* TakePhotoViewController.swift */,
				842239E120BD6FB20028FDAA /* PreviewPhotoViewController.swift */,
				844EC24220C54A37006CF9EF /* ShowPhotoViewController.swift */,
			);
			path = TakingPhoto;
			sourceTree = "<group>";
		};
		8407C09F20B8098400045EFB /* TakingPhoto */ = {
			isa = PBXGroup;
			children = (
				8407C0A020B8099A00045EFB /* TakePhotoPresenter.swift */,
				844EC24520C54A79006CF9EF /* ShowPhotoPresenter.swift */,
			);
			path = TakingPhoto;
			sourceTree = "<group>";
		};
		8422055D20A5AA05007B03DE /* DAL */ = {
			isa = PBXGroup;
			children = (
				842E1EB020AC5584003D2CDA /* RealmStorageProvider.swift */,
			);
			path = DAL;
			sourceTree = "<group>";
		};
		842239E320BE93B60028FDAA /* Documents */ = {
			isa = PBXGroup;
			children = (
				842239E420BE93CF0028FDAA /* DocumentsViewController.swift */,
			);
			path = Documents;
			sourceTree = "<group>";
		};
		842239EC20BEDA8A0028FDAA /* Documents */ = {
			isa = PBXGroup;
			children = (
				842239ED20BEDA9B0028FDAA /* DocumentsPresenter.swift */,
			);
			path = Documents;
			sourceTree = "<group>";
		};
		842239F020BEE4900028FDAA /* NoDocumentsEntity */ = {
			isa = PBXGroup;
			children = (
				842239E820BEA1C40028FDAA /* DocumentEntityPresenter.swift */,
				842239F120BEE4AD0028FDAA /* DocumentsEntityHeaderPresenter.swift */,
			);
			path = NoDocumentsEntity;
			sourceTree = "<group>";
		};
		842239F520BEE57D0028FDAA /* Cell */ = {
			isa = PBXGroup;
			children = (
				84996DFD20D7CAA40006ADFA /* DocumentLender */,
				84996DF620D7A86D0006ADFA /* OfferDetail */,
				8466A6A120CFBCE000A888A0 /* Lender */,
				842239F620BEE5880028FDAA /* DocumentEntity */,
			);
			path = Cell;
			sourceTree = "<group>";
		};
		842239F620BEE5880028FDAA /* DocumentEntity */ = {
			isa = PBXGroup;
			children = (
				842239F720BEE5C90028FDAA /* NoDocumentEntityCell.swift */,
				842239F820BEE5C90028FDAA /* NoDocumentEntityCell.xib */,
				842239FD20BEEA440028FDAA /* DocumentEntityHeaderView.swift */,
				8462233A20BFE1F00059A83A /* DocumentEntityCell.swift */,
				8462233B20BFE1F00059A83A /* DocumentEntityCell.xib */,
				8462233E20BFE3D50059A83A /* DocumentEntitySource.swift */,
			);
			path = DocumentEntity;
			sourceTree = "<group>";
		};
		842239FF20BEEBF10028FDAA /* View */ = {
			isa = PBXGroup;
			children = (
			);
			path = View;
			sourceTree = "<group>";
		};
		842E1EB620AC5676003D2CDA /* RealmModels */ = {
			isa = PBXGroup;
			children = (
				7DD62D4A20C51C0100F33794 /* RealmAuth.swift */,
				849DBDB120C6D0E300A4CB80 /* RealmBorrowerDocument.swift */,
			);
			path = RealmModels;
			sourceTree = "<group>";
		};
		8437DFF820CFD49B0043445D /* Offers */ = {
			isa = PBXGroup;
			children = (
				8437E00F20D005640043445D /* RejectedLenders */,
				8437E00E20D005560043445D /* ApprovedLenders */,
				8437E00020CFDC290043445D /* NewLenders */,
				8479DFAD20D3E133002CACA6 /* OffersViewController.swift */,
				84996DF020D3FCA40006ADFA /* ViewOfferViewController.swift */,
			);
			path = Offers;
			sourceTree = "<group>";
		};
		8437E00020CFDC290043445D /* NewLenders */ = {
			isa = PBXGroup;
			children = (
				8437E00120CFDC5F0043445D /* NewLendersViewController.swift */,
				8437E00220CFDC5F0043445D /* NewLendersViewController.xib */,
			);
			path = NewLenders;
			sourceTree = "<group>";
		};
		8437E00E20D005560043445D /* ApprovedLenders */ = {
			isa = PBXGroup;
			children = (
				8437E01020D0057D0043445D /* ApprovedLendersViewController.swift */,
				8437E01120D0057D0043445D /* ApprovedLendersViewController.xib */,
			);
			path = ApprovedLenders;
			sourceTree = "<group>";
		};
		8437E00F20D005640043445D /* RejectedLenders */ = {
			isa = PBXGroup;
			children = (
				8437E01420D0059F0043445D /* RejectedLendersViewController.swift */,
				8437E01520D0059F0043445D /* RejectedLendersViewController.xib */,
			);
			path = RejectedLenders;
			sourceTree = "<group>";
		};
		84484F47209B05D4006BBD11 = {
			isa = PBXGroup;
			children = (
				84484F52209B05D4006BBD11 /* YURT */,
				84484F51209B05D4006BBD11 /* Products */,
				743DA54CEC14F5341B39CBDE /* Pods */,
				B54C9FC814F10AC2C070B0B2 /* Frameworks */,
			);
			sourceTree = "<group>";
		};
		84484F51209B05D4006BBD11 /* Products */ = {
			isa = PBXGroup;
			children = (
				84484F50209B05D4006BBD11 /* YURT.app */,
			);
			name = Products;
			sourceTree = "<group>";
		};
		84484F52209B05D4006BBD11 /* YURT */ = {
			isa = PBXGroup;
			children = (
				8453AD6B20E0E1E700174765 /* SttLib */,
				848C85DD20A0429300026A5E /* Extensions */,
				84484F5F209B05D6006BBD11 /* Info.plist */,
				84484F55209B05D4006BBD11 /* ViewController.swift */,
				846F9941209B083500C61AE2 /* AppStart */,
				846F9946209B087900C61AE2 /* Componnents */,
				846F9942209B085800C61AE2 /* Infrastructure */,
				846F9945209B087000C61AE2 /* Presenters */,
				846F9947209B088700C61AE2 /* Resources */,
				846F9944209B086A00C61AE2 /* Views */,
			);
			path = YURT;
			sourceTree = "<group>";
		};
		84484F65209B3702006BBD11 /* Rest */ = {
			isa = PBXGroup;
			children = (
				84484F6C209B3FA0006BBD11 /* ApiService.swift */,
			);
			path = Rest;
			sourceTree = "<group>";
		};
		84484F68209B39C5006BBD11 /* Models */ = {
			isa = PBXGroup;
			children = (
				84C7FBF720B459160053C93A /* ApiModel */,
				842E1EB620AC5676003D2CDA /* RealmModels */,
				84484F69209B39D7006BBD11 /* SpecialModels */,
			);
			path = Models;
			sourceTree = "<group>";
		};
		84484F69209B39D7006BBD11 /* SpecialModels */ = {
			isa = PBXGroup;
			children = (
				8468DCB220B2B6E100701C93 /* ApiModel.swift */,
				8462234220C02DE20059A83A /* Image.swift */,
			);
			path = SpecialModels;
			sourceTree = "<group>";
		};
		8453AD6B20E0E1E700174765 /* SttLib */ = {
			isa = PBXGroup;
			children = (
				8453AD6C20E0E1E700174765 /* Components */,
				8453AD8720E0E1E700174765 /* Extensions */,
				8453AD9620E0E1E700174765 /* Models */,
				8453AD9920E0E1E700174765 /* Modules */,
				8453ADA020E0E1E700174765 /* SttApplicationDelegate.swift */,
			);
			path = SttLib;
			sourceTree = "<group>";
		};
		8453AD6C20E0E1E700174765 /* Components */ = {
			isa = PBXGroup;
			children = (
				8453AD7820E0E1E700174765 /* View */,
				8453AD6D20E0E1E700174765 /* Core */,
				8453AD7620E0E1E700174765 /* SttGlobalObserver.swift */,
				8453AD7720E0E1E700174765 /* SttNavigation.swift */,
			);
			path = Components;
			sourceTree = "<group>";
		};
		8453AD6D20E0E1E700174765 /* Core */ = {
			isa = PBXGroup;
			children = (
				8453AD6E20E0E1E700174765 /* CachingPlayerItem.swift */,
				8453AD6F20E0E1E700174765 /* SttComand.swift */,
				8453AD7020E0E1E700174765 /* SttConnectivity.swift */,
				8453AD7120E0E1E700174765 /* SttConverter.swift */,
				8453AD7220E0E1E700174765 /* SttDictionaryCodable.swift */,
				8453AD7320E0E1E700174765 /* SttObservableCollection.swift */,
				8453AD7420E0E1E700174765 /* SttPresenter.swift */,
				8453AD7520E0E1E700174765 /* SttRandom.swift */,
			);
			path = Core;
			sourceTree = "<group>";
		};
		8453AD7820E0E1E700174765 /* View */ = {
			isa = PBXGroup;
			children = (
				8453AD7920E0E1E700174765 /* Source */,
				8453AD7C20E0E1E700174765 /* SttKeyboardNotification.swift */,
				8453AD7D20E0E1E700174765 /* SttViewable.swift */,
				8453AD7E20E0E1E700174765 /* UIController */,
				8453AD8220E0E1E700174765 /* UIElement */,
				8453AD8520E0E1E700174765 /* Views */,
			);
			path = View;
			sourceTree = "<group>";
		};
		8453AD7920E0E1E700174765 /* Source */ = {
			isa = PBXGroup;
			children = (
				842239E620BE9E0E0028FDAA /* SttCollectionViewWithSectionSource.swift */,
				8453AD7A20E0E1E700174765 /* SttCollectionViewSource.swift */,
				8453AD7B20E0E1E700174765 /* SttTableViewSource.swift */,
			);
			path = Source;
			sourceTree = "<group>";
		};
		8453AD7E20E0E1E700174765 /* UIController */ = {
			isa = PBXGroup;
			children = (
				84223A0020BEEC0A0028FDAA /* SttCollectionReusableView.swift */,
				842E1EC320AD6EBD003D2CDA /* SttTemplate.swift */,
				8437E00A20CFE9B00043445D /* SttViewPage.swift */,
				84C7FBF520B444760053C93A /* SttCamera.swift */,
				8453AD7F20E0E1E700174765 /* SttCollectionViewCell.swift */,
				8453AD8020E0E1E700174765 /* SttTableViewCell.swift */,
				8453AD8120E0E1E700174765 /* SttViewController.swift */,
			);
			path = UIController;
			sourceTree = "<group>";
		};
		8453AD8220E0E1E700174765 /* UIElement */ = {
			isa = PBXGroup;
			children = (
				8453AD8320E0E1E700174765 /* SttErrorLabel.swift */,
				8453AD8420E0E1E700174765 /* SttTextField.swift */,
			);
			path = UIElement;
			sourceTree = "<group>";
		};
		8453AD8520E0E1E700174765 /* Views */ = {
			isa = PBXGroup;
			children = (
				8453AD8620E0E1E700174765 /* SttHandlerTextField.swift */,
			);
			path = Views;
			sourceTree = "<group>";
		};
		8453AD8720E0E1E700174765 /* Extensions */ = {
			isa = PBXGroup;
			children = (
				8453AD8820E0E1E700174765 /* ComponentsExtensions */,
				8453AD8A20E0E1E700174765 /* ExtensionsModules */,
				8453AD8D20E0E1E700174765 /* SttArrayExtensions.swift */,
				8453AD8E20E0E1E700174765 /* SttCodableExtensions.swift */,
				8453AD8F20E0E1E700174765 /* SttCommandExtensions.swift */,
				8453AD9020E0E1E700174765 /* SttDateExtensions.swift */,
				8453AD9120E0E1E700174765 /* SttJsonDecoderExtensions.swift */,
				8453AD9220E0E1E700174765 /* SttObservableExtensions.swift */,
				8453AD9320E0E1E700174765 /* SttResultConverter.swift */,
				8453AD9420E0E1E700174765 /* SttUIViewControllerExtensions.swift */,
				8453AD9520E0E1E700174765 /* SttUIViewExtensions.swift */,
				84C7FBF320B444490053C93A /* SttUIImageExtensions.swift */,
				8437E00C20CFEF760043445D /* SttUISegmentControlExtensions.swift */,
				8479DFAB20D3DE60002CACA6 /* SttFormatterExtensions.swift */,
			);
			path = Extensions;
			sourceTree = "<group>";
		};
		8453AD8820E0E1E700174765 /* ComponentsExtensions */ = {
			isa = PBXGroup;
			children = (
				8453AD8920E0E1E700174765 /* SttViewableExtensions.swift */,
			);
			path = ComponentsExtensions;
			sourceTree = "<group>";
		};
		8453AD8A20E0E1E700174765 /* ExtensionsModules */ = {
			isa = PBXGroup;
			children = (
				8453AD8B20E0E1E700174765 /* SttHttpServiceTypeExtensions.swift */,
				8453AD8C20E0E1E700174765 /* SttRepositoryTypeExtensions.swift */,
			);
			path = ExtensionsModules;
			sourceTree = "<group>";
		};
		8453AD9620E0E1E700174765 /* Models */ = {
			isa = PBXGroup;
			children = (
				8453AD9720E0E1E700174765 /* SttErrorModel.swift */,
				8453AD9820E0E1E700174765 /* SttSpecialResult.swift */,
				8453ADC920E10ADC00174765 /* SttIdentifiers.swift */,
			);
			path = Models;
			sourceTree = "<group>";
		};
		8453AD9920E0E1E700174765 /* Modules */ = {
			isa = PBXGroup;
			children = (
				8453AD9A20E0E1E700174765 /* Realm */,
				8453AD9E20E0E1E700174765 /* SttHttpService.swift */,
				8453AD9F20E0E1E700174765 /* SttLog.swift */,
			);
			path = Modules;
			sourceTree = "<group>";
		};
		8453AD9A20E0E1E700174765 /* Realm */ = {
			isa = PBXGroup;
			children = (
				8453AD9B20E0E1E700174765 /* SttRealmObject.swift */,
				8453AD9C20E0E1E700174765 /* SttRealmProtocols.swift */,
				8453AD9D20E0E1E700174765 /* SttRepository.swift */,
			);
			path = Realm;
			sourceTree = "<group>";
		};
		8466A6A120CFBCE000A888A0 /* Lender */ = {
			isa = PBXGroup;
			children = (
				8466A6A220CFBDA200A888A0 /* LenderCell.swift */,
				8466A6A320CFBDA200A888A0 /* LenderCell.xib */,
			);
			path = Lender;
			sourceTree = "<group>";
		};
		846F9941209B083500C61AE2 /* AppStart */ = {
			isa = PBXGroup;
			children = (
				84484F53209B05D4006BBD11 /* AppDelegate.swift */,
				84484F5C209B05D6006BBD11 /* LaunchScreen.storyboard */,
				842E1EB220AC55AC003D2CDA /* ServiceAssembly.swift */,
				842E1EB420AC55CD003D2CDA /* ServiceInjectorAssembly.swift */,
			);
			path = AppStart;
			sourceTree = "<group>";
		};
		846F9942209B085800C61AE2 /* Infrastructure */ = {
			isa = PBXGroup;
			children = (
				846F9943209B086100C61AE2 /* Services */,
				8422055D20A5AA05007B03DE /* DAL */,
				846F9958209B0AB900C61AE2 /* Constants.swift */,
				840427E320B2E73D00C94765 /* UIConstants.swift */,
				84484F68209B39C5006BBD11 /* Models */,
			);
			path = Infrastructure;
			sourceTree = "<group>";
		};
		846F9943209B086100C61AE2 /* Services */ = {
			isa = PBXGroup;
			children = (
				84484F65209B3702006BBD11 /* Rest */,
				840427F220B2E87800C94765 /* NotificationError.swift */,
				84C7FBF120B42DD50053C93A /* AccountService.swift */,
				844EC24720C58897006CF9EF /* DocumentService.swift */,
				848F4C3420D2AB74007ECC45 /* OfferInteractor.swift */,
			);
			path = Services;
			sourceTree = "<group>";
		};
		846F9944209B086A00C61AE2 /* Views */ = {
			isa = PBXGroup;
			children = (
				7DD62D4C20C5229900F33794 /* TemplateView */,
				842239F520BEE57D0028FDAA /* Cell */,
				846F994A209B08F200C61AE2 /* Base */,
				846F9949209B08D300C61AE2 /* ViewControllers */,
				846F9948209B08C100C61AE2 /* Storyboards */,
			);
			path = Views;
			sourceTree = "<group>";
		};
		846F9945209B087000C61AE2 /* Presenters */ = {
			isa = PBXGroup;
			children = (
				840427F720B2E95F00C94765 /* Views */,
				840427F620B2E95700C94765 /* Cells */,
			);
			path = Presenters;
			sourceTree = "<group>";
		};
		846F9946209B087900C61AE2 /* Componnents */ = {
			isa = PBXGroup;
			children = (
				846F9954209B0A6000C61AE2 /* View */,
				846F9953209B0A5500C61AE2 /* Core */,
			);
			path = Componnents;
			sourceTree = "<group>";
		};
		846F9947209B088700C61AE2 /* Resources */ = {
			isa = PBXGroup;
			children = (
				8497871720ADB098004F4B06 /* Roboto */,
				84484F5A209B05D6006BBD11 /* Assets.xcassets */,
				842E1ECA20AD716F003D2CDA /* Icons.xcassets */,
				844F800320AD74940030DCC3 /* Colors.xcassets */,
			);
			path = Resources;
			sourceTree = "<group>";
		};
		846F9948209B08C100C61AE2 /* Storyboards */ = {
			isa = PBXGroup;
			children = (
				84996DE620D3F21E0006ADFA /* Main.storyboard */,
				84996DEA20D3F2CD0006ADFA /* Photo.storyboard */,
				84996DE820D3F2840006ADFA /* Offer.storyboard */,
				842E1EC820AD7138003D2CDA /* Login.storyboard */,
			);
			path = Storyboards;
			sourceTree = "<group>";
		};
		846F9949209B08D300C61AE2 /* ViewControllers */ = {
			isa = PBXGroup;
			children = (
				8437DFF820CFD49B0043445D /* Offers */,
				8493542520C6C02700C7EFF3 /* Profile */,
				842239E320BE93B60028FDAA /* Documents */,
				8407C09C20B8096600045EFB /* TakingPhoto */,
				84C40AD020AD7F370050CA65 /* Login */,
			);
			path = ViewControllers;
			sourceTree = "<group>";
		};
		846F994A209B08F200C61AE2 /* Base */ = {
			isa = PBXGroup;
			children = (
				842239FF20BEEBF10028FDAA /* View */,
				840427FF20B2EB8900C94765 /* Cell */,
				840427FE20B2EAA300C94765 /* Source */,
				840427F920B2E9D700C94765 /* Delegate */,
				846F994B209B093600C61AE2 /* Storyb.swift */,
			);
			path = Base;
			sourceTree = "<group>";
		};
		846F9953209B0A5500C61AE2 /* Core */ = {
			isa = PBXGroup;
			children = (
				840427E720B2E77000C94765 /* Converters */,
			);
			path = Core;
			sourceTree = "<group>";
		};
		846F9954209B0A6000C61AE2 /* View */ = {
			isa = PBXGroup;
			children = (
			);
			path = View;
			sourceTree = "<group>";
		};
		848C85DD20A0429300026A5E /* Extensions */ = {
			isa = PBXGroup;
			children = (
				848C85E020A0480700026A5E /* AppDelegateExtensions.swift */,
				849D3F1120C81F01004BB086 /* UIImageView.swift */,
			);
			path = Extensions;
			sourceTree = "<group>";
		};
		848F4C2520D13270007ECC45 /* Offers */ = {
			isa = PBXGroup;
			children = (
				848F4C2620D13288007ECC45 /* RejectedLendersPresenter.swift */,
				848F4C2820D13293007ECC45 /* NewLendersPresenter.swift */,
				848F4C2A20D132A3007ECC45 /* ApprovedLendersPresenter.swift */,
				848F4C3620D2AE2C007ECC45 /* BaseLendersPresenter.swift */,
				84996DF220D3FD070006ADFA /* ViewOfferPresenter.swift */,
				84996DF420D7A7D20006ADFA /* OfferDetailPresenter.swift */,
			);
			path = Offers;
			sourceTree = "<group>";
		};
		8493542520C6C02700C7EFF3 /* Profile */ = {
			isa = PBXGroup;
			children = (
				8493542620C6C03800C7EFF3 /* ProfileViewController.swift */,
			);
			path = Profile;
			sourceTree = "<group>";
		};
		8493542A20C6C69A00C7EFF3 /* Profile */ = {
			isa = PBXGroup;
			children = (
				8493542B20C6C6AC00C7EFF3 /* ProfilePresenter.swift */,
			);
			path = Profile;
			sourceTree = "<group>";
		};
		8497871720ADB098004F4B06 /* Roboto */ = {
			isa = PBXGroup;
			children = (
				8497872620ADB0DF004F4B06 /* Roboto-Black.ttf */,
				8497872220ADB0DE004F4B06 /* Roboto-Bold.ttf */,
				8497872520ADB0DF004F4B06 /* Roboto-Light.ttf */,
				8497872320ADB0DE004F4B06 /* Roboto-Medium.ttf */,
				8497872420ADB0DE004F4B06 /* Roboto-Regular.ttf */,
			);
			path = Roboto;
			sourceTree = "<group>";
		};
		84996DF620D7A86D0006ADFA /* OfferDetail */ = {
			isa = PBXGroup;
			children = (
				84996DF720D7A9A00006ADFA /* OfferDetailTableViewCell.swift */,
				84996DF820D7A9A00006ADFA /* OfferDetailTableViewCell.xib */,
			);
			path = OfferDetail;
			sourceTree = "<group>";
		};
		84996DFD20D7CAA40006ADFA /* DocumentLender */ = {
			isa = PBXGroup;
			children = (
				84996DFE20D7CB770006ADFA /* DocumentLenderCell.swift */,
				84996DFF20D7CB780006ADFA /* DocumentLenderCell.xib */,
			);
			path = DocumentLender;
			sourceTree = "<group>";
		};
		849D3F0E20C80187004BB086 /* SendModel */ = {
			isa = PBXGroup;
			children = (
				844EC24920C58A16006CF9EF /* AddDocumentApiModel.swift */,
				849D3F0F20C80223004BB086 /* DeleteDocumentApiModel.swift */,
			);
			path = SendModel;
			sourceTree = "<group>";
		};
		84C40ACD20AD7ECD0050CA65 /* Login */ = {
			isa = PBXGroup;
			children = (
				84C40ACE20AD7EE50050CA65 /* StartPagePresenter.swift */,
				8428FFE420AF03BD00D7BF1B /* SignUpPresenter.swift */,
			);
			path = Login;
			sourceTree = "<group>";
		};
		84C40AD020AD7F370050CA65 /* Login */ = {
			isa = PBXGroup;
			children = (
				84C40AD220AD7F570050CA65 /* StartPageViewController.swift */,
				8428FFE220AF036D00D7BF1B /* SignUpViewController.swift */,
			);
			path = Login;
			sourceTree = "<group>";
		};
		84C7FBF720B459160053C93A /* ApiModel */ = {
			isa = PBXGroup;
			children = (
				849D3F0E20C80187004BB086 /* SendModel */,
				84C7FBEF20B316EF0053C93A /* ExistModel.swift */,
				84C7FBF820B4592D0053C93A /* ResultUploadImageApiModel.swift */,
				84C7FBFA20B45E2C0053C93A /* AccountModel.swift */,
				84C7FBFE20B55E570053C93A /* AuthApiModel.swift */,
				844EC24B20C58B9C006CF9EF /* BorrowerDocumentApiModel.swift */,
				848F4C3220D2A4D6007ECC45 /* OfferApiModel.swift */,
			);
			path = ApiModel;
			sourceTree = "<group>";
		};
		B54C9FC814F10AC2C070B0B2 /* Frameworks */ = {
			isa = PBXGroup;
			children = (
				1086D99CFBD13CE2194C4BF3 /* Pods_YURT.framework */,
			);
			name = Frameworks;
			sourceTree = "<group>";
		};
/* End PBXGroup section */

/* Begin PBXNativeTarget section */
		84484F4F209B05D4006BBD11 /* YURT */ = {
			isa = PBXNativeTarget;
			buildConfigurationList = 84484F62209B05D6006BBD11 /* Build configuration list for PBXNativeTarget "YURT" */;
			buildPhases = (
				ECACEE8F9710C4BA5078F6FA /* [CP] Check Pods Manifest.lock */,
				84484F4C209B05D4006BBD11 /* Sources */,
				84484F4D209B05D4006BBD11 /* Frameworks */,
				84484F4E209B05D4006BBD11 /* Resources */,
				73EE87B9D6103947B19F6DDC /* [CP] Embed Pods Frameworks */,
			);
			buildRules = (
			);
			dependencies = (
			);
			name = YURT;
			productName = YURT;
			productReference = 84484F50209B05D4006BBD11 /* YURT.app */;
			productType = "com.apple.product-type.application";
		};
/* End PBXNativeTarget section */

/* Begin PBXProject section */
		84484F48209B05D4006BBD11 /* Project object */ = {
			isa = PBXProject;
			attributes = {
				LastSwiftUpdateCheck = 0930;
				LastUpgradeCheck = 0930;
				ORGANIZATIONNAME = com.yurt.YURT;
				TargetAttributes = {
					84484F4F209B05D4006BBD11 = {
						CreatedOnToolsVersion = 9.3;
					};
				};
			};
			buildConfigurationList = 84484F4B209B05D4006BBD11 /* Build configuration list for PBXProject "YURT" */;
			compatibilityVersion = "Xcode 9.3";
			developmentRegion = en;
			hasScannedForEncodings = 0;
			knownRegions = (
				en,
				Base,
			);
			mainGroup = 84484F47209B05D4006BBD11;
			productRefGroup = 84484F51209B05D4006BBD11 /* Products */;
			projectDirPath = "";
			projectRoot = "";
			targets = (
				84484F4F209B05D4006BBD11 /* YURT */,
			);
		};
/* End PBXProject section */

/* Begin PBXResourcesBuildPhase section */
		84484F4E209B05D4006BBD11 /* Resources */ = {
			isa = PBXResourcesBuildPhase;
			buildActionMask = 2147483647;
			files = (
				842E1ECB20AD716F003D2CDA /* Icons.xcassets in Resources */,
				84484F5E209B05D6006BBD11 /* LaunchScreen.storyboard in Resources */,
				8497872920ADB0E0004F4B06 /* Roboto-Regular.ttf in Resources */,
				84996DE720D3F21E0006ADFA /* Main.storyboard in Resources */,
				8437E00420CFDC5F0043445D /* NewLendersViewController.xib in Resources */,
				8497872A20ADB0E0004F4B06 /* Roboto-Light.ttf in Resources */,
				84996DFA20D7A9A00006ADFA /* OfferDetailTableViewCell.xib in Resources */,
				84484F5B209B05D6006BBD11 /* Assets.xcassets in Resources */,
				842239FA20BEE5C90028FDAA /* NoDocumentEntityCell.xib in Resources */,
				842E1EC220AD6EB2003D2CDA /* InputBox.xib in Resources */,
				8437E01720D0059F0043445D /* RejectedLendersViewController.xib in Resources */,
				8462233D20BFE1F00059A83A /* DocumentEntityCell.xib in Resources */,
				842E1EC920AD7138003D2CDA /* Login.storyboard in Resources */,
				8466A6A520CFBDA200A888A0 /* LenderCell.xib in Resources */,
				8497872720ADB0E0004F4B06 /* Roboto-Bold.ttf in Resources */,
				84996DE920D3F2840006ADFA /* Offer.storyboard in Resources */,
				844F800420AD74940030DCC3 /* Colors.xcassets in Resources */,
				8437E01320D0057D0043445D /* ApprovedLendersViewController.xib in Resources */,
				84996DEB20D3F2CD0006ADFA /* Photo.storyboard in Resources */,
				8497872820ADB0E0004F4B06 /* Roboto-Medium.ttf in Resources */,
				84996E0120D7CB780006ADFA /* DocumentLenderCell.xib in Resources */,
				8497872B20ADB0E0004F4B06 /* Roboto-Black.ttf in Resources */,
			);
			runOnlyForDeploymentPostprocessing = 0;
		};
/* End PBXResourcesBuildPhase section */

/* Begin PBXShellScriptBuildPhase section */
		73EE87B9D6103947B19F6DDC /* [CP] Embed Pods Frameworks */ = {
			isa = PBXShellScriptBuildPhase;
			buildActionMask = 2147483647;
			files = (
			);
			inputPaths = (
				"${SRCROOT}/Pods/Target Support Files/Pods-YURT/Pods-YURT-frameworks.sh",
				"${BUILT_PRODUCTS_DIR}/Alamofire/Alamofire.framework",
				"${BUILT_PRODUCTS_DIR}/EasyDi/EasyDi.framework",
				"${BUILT_PRODUCTS_DIR}/KeychainSwift/KeychainSwift.framework",
				"${BUILT_PRODUCTS_DIR}/Realm/Realm.framework",
				"${BUILT_PRODUCTS_DIR}/RealmSwift/RealmSwift.framework",
				"${BUILT_PRODUCTS_DIR}/RxAlamofire/RxAlamofire.framework",
				"${BUILT_PRODUCTS_DIR}/RxRealm/RxRealm.framework",
				"${BUILT_PRODUCTS_DIR}/RxSwift/RxSwift.framework",
				"${BUILT_PRODUCTS_DIR}/SDWebImage/SDWebImage.framework",
				"${BUILT_PRODUCTS_DIR}/SINQ/SINQ.framework",
			);
			name = "[CP] Embed Pods Frameworks";
			outputPaths = (
				"${TARGET_BUILD_DIR}/${FRAMEWORKS_FOLDER_PATH}/Alamofire.framework",
				"${TARGET_BUILD_DIR}/${FRAMEWORKS_FOLDER_PATH}/EasyDi.framework",
				"${TARGET_BUILD_DIR}/${FRAMEWORKS_FOLDER_PATH}/KeychainSwift.framework",
				"${TARGET_BUILD_DIR}/${FRAMEWORKS_FOLDER_PATH}/Realm.framework",
				"${TARGET_BUILD_DIR}/${FRAMEWORKS_FOLDER_PATH}/RealmSwift.framework",
				"${TARGET_BUILD_DIR}/${FRAMEWORKS_FOLDER_PATH}/RxAlamofire.framework",
				"${TARGET_BUILD_DIR}/${FRAMEWORKS_FOLDER_PATH}/RxRealm.framework",
				"${TARGET_BUILD_DIR}/${FRAMEWORKS_FOLDER_PATH}/RxSwift.framework",
				"${TARGET_BUILD_DIR}/${FRAMEWORKS_FOLDER_PATH}/SDWebImage.framework",
				"${TARGET_BUILD_DIR}/${FRAMEWORKS_FOLDER_PATH}/SINQ.framework",
			);
			runOnlyForDeploymentPostprocessing = 0;
			shellPath = /bin/sh;
			shellScript = "\"${SRCROOT}/Pods/Target Support Files/Pods-YURT/Pods-YURT-frameworks.sh\"\n";
			showEnvVarsInLog = 0;
		};
		ECACEE8F9710C4BA5078F6FA /* [CP] Check Pods Manifest.lock */ = {
			isa = PBXShellScriptBuildPhase;
			buildActionMask = 2147483647;
			files = (
			);
			inputPaths = (
				"${PODS_PODFILE_DIR_PATH}/Podfile.lock",
				"${PODS_ROOT}/Manifest.lock",
			);
			name = "[CP] Check Pods Manifest.lock";
			outputPaths = (
				"$(DERIVED_FILE_DIR)/Pods-YURT-checkManifestLockResult.txt",
			);
			runOnlyForDeploymentPostprocessing = 0;
			shellPath = /bin/sh;
			shellScript = "diff \"${PODS_PODFILE_DIR_PATH}/Podfile.lock\" \"${PODS_ROOT}/Manifest.lock\" > /dev/null\nif [ $? != 0 ] ; then\n    # print error to STDERR\n    echo \"error: The sandbox is not in sync with the Podfile.lock. Run 'pod install' or update your CocoaPods installation.\" >&2\n    exit 1\nfi\n# This output is used by Xcode 'outputs' to avoid re-running this script phase.\necho \"SUCCESS\" > \"${SCRIPT_OUTPUT_FILE_0}\"\n";
			showEnvVarsInLog = 0;
		};
/* End PBXShellScriptBuildPhase section */

/* Begin PBXSourcesBuildPhase section */
		84484F4C209B05D4006BBD11 /* Sources */ = {
			isa = PBXSourcesBuildPhase;
			buildActionMask = 2147483647;
			files = (
				8453ADBD20E0E1E800174765 /* SttObservableExtensions.swift in Sources */,
				84C7FBFB20B45E2D0053C93A /* AccountModel.swift in Sources */,
				8453ADC320E0E1E800174765 /* SttRealmObject.swift in Sources */,
				84996DF920D7A9A00006ADFA /* OfferDetailTableViewCell.swift in Sources */,
				8453ADC020E0E1E800174765 /* SttUIViewExtensions.swift in Sources */,
				8453ADAF20E0E1E800174765 /* SttCollectionViewCell.swift in Sources */,
				842239F220BEE4AD0028FDAA /* DocumentsEntityHeaderPresenter.swift in Sources */,
				8453ADBF20E0E1E800174765 /* SttUIViewControllerExtensions.swift in Sources */,
				84C7FBF420B444490053C93A /* SttUIImageExtensions.swift in Sources */,
				8453ADBB20E0E1E800174765 /* SttDateExtensions.swift in Sources */,
				8453ADB120E0E1E800174765 /* SttViewController.swift in Sources */,
				844EC24320C54A37006CF9EF /* ShowPhotoViewController.swift in Sources */,
				8453ADCA20E10ADC00174765 /* SttIdentifiers.swift in Sources */,
				8453ADA220E0E1E800174765 /* SttComand.swift in Sources */,
				8453ADAC20E0E1E800174765 /* SttTableViewSource.swift in Sources */,
				8453ADBE20E0E1E800174765 /* SttResultConverter.swift in Sources */,
				842239E220BD6FB20028FDAA /* PreviewPhotoViewController.swift in Sources */,
				8453ADB520E0E1E800174765 /* SttViewableExtensions.swift in Sources */,
				8453ADB220E0E1E800174765 /* SttErrorLabel.swift in Sources */,
				84484F56209B05D4006BBD11 /* ViewController.swift in Sources */,
				8462234520C02E690059A83A /* DateConverter.swift in Sources */,
				8453ADA520E0E1E800174765 /* SttDictionaryCodable.swift in Sources */,
				842E1EB320AC55AC003D2CDA /* ServiceAssembly.swift in Sources */,
				84996E0320D7CCF40006ADFA /* DocumentLenderCellPresenter.swift in Sources */,
				842E1EC420AD6EBD003D2CDA /* SttTemplate.swift in Sources */,
				8453ADA120E0E1E800174765 /* CachingPlayerItem.swift in Sources */,
				8437E00320CFDC5F0043445D /* NewLendersViewController.swift in Sources */,
				8453ADB620E0E1E800174765 /* SttHttpServiceTypeExtensions.swift in Sources */,
				8453ADAE20E0E1E800174765 /* SttViewable.swift in Sources */,
				8437E01620D0059F0043445D /* RejectedLendersViewController.swift in Sources */,
				842E1EC120AD6EB2003D2CDA /* InputBox.swift in Sources */,
				842239FE20BEEA440028FDAA /* DocumentEntityHeaderView.swift in Sources */,
				84C7FBF920B4592D0053C93A /* ResultUploadImageApiModel.swift in Sources */,
				84C40AD320AD7F570050CA65 /* StartPageViewController.swift in Sources */,
				842E1EB520AC55CD003D2CDA /* ServiceInjectorAssembly.swift in Sources */,
				8453ADC220E0E1E800174765 /* SttSpecialResult.swift in Sources */,
				8453ADC820E0E1E800174765 /* SttApplicationDelegate.swift in Sources */,
				8493542C20C6C6AC00C7EFF3 /* ProfilePresenter.swift in Sources */,
				844EC24620C54A79006CF9EF /* ShowPhotoPresenter.swift in Sources */,
				846F994C209B093600C61AE2 /* Storyb.swift in Sources */,
				842239EE20BEDA9B0028FDAA /* DocumentsPresenter.swift in Sources */,
				8453ADB720E0E1E800174765 /* SttRepositoryTypeExtensions.swift in Sources */,
				84996DF320D3FD070006ADFA /* ViewOfferPresenter.swift in Sources */,
				8479DFAC20D3DE60002CACA6 /* SttFormatterExtensions.swift in Sources */,
				84996DFC20D7B0110006ADFA /* ViewOfferDetailConverter.swift in Sources */,
				8453ADB020E0E1E800174765 /* SttTableViewCell.swift in Sources */,
				842239E720BE9E0E0028FDAA /* SttCollectionViewWithSectionSource.swift in Sources */,
				8453ADA920E0E1E800174765 /* SttGlobalObserver.swift in Sources */,
				84996DF520D7A7D20006ADFA /* OfferDetailPresenter.swift in Sources */,
				8453ADAA20E0E1E800174765 /* SttNavigation.swift in Sources */,
				8468DCB320B2B6E100701C93 /* ApiModel.swift in Sources */,
				8428FFE320AF036D00D7BF1B /* SignUpViewController.swift in Sources */,
				8407C0A120B8099A00045EFB /* TakePhotoPresenter.swift in Sources */,
				8453ADB820E0E1E800174765 /* SttArrayExtensions.swift in Sources */,
				8462234320C02DE20059A83A /* Image.swift in Sources */,
				848F4C3320D2A4D6007ECC45 /* OfferApiModel.swift in Sources */,
				84484F6D209B3FA0006BBD11 /* ApiService.swift in Sources */,
				8493542720C6C03800C7EFF3 /* ProfileViewController.swift in Sources */,
				8466A6A820CFC97700A888A0 /* LenderPresenter.swift in Sources */,
				84C7FBFF20B55E570053C93A /* AuthApiModel.swift in Sources */,
				84223A0120BEEC0A0028FDAA /* SttCollectionReusableView.swift in Sources */,
				848F4C3920D3BB36007ECC45 /* CountableConverter.swift in Sources */,
				849DBDB220C6D0E300A4CB80 /* RealmBorrowerDocument.swift in Sources */,
				8453ADBA20E0E1E800174765 /* SttCommandExtensions.swift in Sources */,
				8462233F20BFE3D50059A83A /* DocumentEntitySource.swift in Sources */,
				844EC24A20C58A16006CF9EF /* AddDocumentApiModel.swift in Sources */,
				8453ADA820E0E1E800174765 /* SttRandom.swift in Sources */,
				844EC24C20C58B9C006CF9EF /* BorrowerDocumentApiModel.swift in Sources */,
				8453ADA720E0E1E800174765 /* SttPresenter.swift in Sources */,
				84C7FBF620B444760053C93A /* SttCamera.swift in Sources */,
				842239E920BEA1C50028FDAA /* DocumentEntityPresenter.swift in Sources */,
				8453ADC520E0E1E800174765 /* SttRepository.swift in Sources */,
				84C40ACF20AD7EE50050CA65 /* StartPagePresenter.swift in Sources */,
				84484F54209B05D4006BBD11 /* AppDelegate.swift in Sources */,
				848F4C3520D2AB74007ECC45 /* OfferInteractor.swift in Sources */,
				849D3F1220C81F01004BB086 /* UIImageView.swift in Sources */,
				8453ADBC20E0E1E800174765 /* SttJsonDecoderExtensions.swift in Sources */,
				8453ADB420E0E1E800174765 /* SttHandlerTextField.swift in Sources */,
				8437E01220D0057D0043445D /* ApprovedLendersViewController.swift in Sources */,
				840427E420B2E73D00C94765 /* UIConstants.swift in Sources */,
				8453ADAB20E0E1E800174765 /* SttCollectionViewSource.swift in Sources */,
				8453ADC420E0E1E800174765 /* SttRealmProtocols.swift in Sources */,
				842E1EB120AC5584003D2CDA /* RealmStorageProvider.swift in Sources */,
				840427F320B2E87800C94765 /* NotificationError.swift in Sources */,
				8437E00D20CFEF760043445D /* SttUISegmentControlExtensions.swift in Sources */,
				848F4C3720D2AE2C007ECC45 /* BaseLendersPresenter.swift in Sources */,
				8453ADC120E0E1E800174765 /* SttErrorModel.swift in Sources */,
				842239EB20BED6890028FDAA /* PercentConverter.swift in Sources */,
				8453ADA620E0E1E800174765 /* SttObservableCollection.swift in Sources */,
				8453ADA420E0E1E800174765 /* SttConverter.swift in Sources */,
				8437E00B20CFE9B00043445D /* SttViewPage.swift in Sources */,
				84C7FBF220B42DD50053C93A /* AccountService.swift in Sources */,
				8466A6A420CFBDA200A888A0 /* LenderCell.swift in Sources */,
				848C85E120A0480700026A5E /* AppDelegateExtensions.swift in Sources */,
				8407C09E20B8097E00045EFB /* TakePhotoViewController.swift in Sources */,
				8453ADC720E0E1E800174765 /* SttLog.swift in Sources */,
				8453ADB920E0E1E800174765 /* SttCodableExtensions.swift in Sources */,
				849D3F1020C80223004BB086 /* DeleteDocumentApiModel.swift in Sources */,
				8462233C20BFE1F00059A83A /* DocumentEntityCell.swift in Sources */,
				8453ADB320E0E1E800174765 /* SttTextField.swift in Sources */,
				846F9959209B0AB900C61AE2 /* Constants.swift in Sources */,
				8428FFE520AF03BD00D7BF1B /* SignUpPresenter.swift in Sources */,
				8462234720C133D00059A83A /* CountProgressConverter.swift in Sources */,
				844EC24820C58897006CF9EF /* DocumentService.swift in Sources */,
				84C7FBF020B316EF0053C93A /* ExistModel.swift in Sources */,
				848F4C2B20D132A3007ECC45 /* ApprovedLendersPresenter.swift in Sources */,
				842239E520BE93CF0028FDAA /* DocumentsViewController.swift in Sources */,
				7DD62D4B20C51C0100F33794 /* RealmAuth.swift in Sources */,
				8479DFAE20D3E133002CACA6 /* OffersViewController.swift in Sources */,
				84996E0020D7CB780006ADFA /* DocumentLenderCell.swift in Sources */,
				8453ADA320E0E1E800174765 /* SttConnectivity.swift in Sources */,
				842239F920BEE5C90028FDAA /* NoDocumentEntityCell.swift in Sources */,
				8453ADAD20E0E1E800174765 /* SttKeyboardNotification.swift in Sources */,
				8453ADC620E0E1E800174765 /* SttHttpService.swift in Sources */,
				84996DF120D3FCA40006ADFA /* ViewOfferViewController.swift in Sources */,
				848F4C2720D13288007ECC45 /* RejectedLendersPresenter.swift in Sources */,
				848F4C2920D13293007ECC45 /* NewLendersPresenter.swift in Sources */,
			);
			runOnlyForDeploymentPostprocessing = 0;
		};
/* End PBXSourcesBuildPhase section */

/* Begin PBXVariantGroup section */
		84484F5C209B05D6006BBD11 /* LaunchScreen.storyboard */ = {
			isa = PBXVariantGroup;
			children = (
				84484F5D209B05D6006BBD11 /* Base */,
			);
			name = LaunchScreen.storyboard;
			sourceTree = "<group>";
		};
/* End PBXVariantGroup section */

/* Begin XCBuildConfiguration section */
		84484F60209B05D6006BBD11 /* Debug */ = {
			isa = XCBuildConfiguration;
			buildSettings = {
				ALWAYS_SEARCH_USER_PATHS = NO;
				CLANG_ANALYZER_NONNULL = YES;
				CLANG_ANALYZER_NUMBER_OBJECT_CONVERSION = YES_AGGRESSIVE;
				CLANG_CXX_LANGUAGE_STANDARD = "gnu++14";
				CLANG_CXX_LIBRARY = "libc++";
				CLANG_ENABLE_MODULES = YES;
				CLANG_ENABLE_OBJC_ARC = YES;
				CLANG_ENABLE_OBJC_WEAK = YES;
				CLANG_WARN_BLOCK_CAPTURE_AUTORELEASING = YES;
				CLANG_WARN_BOOL_CONVERSION = YES;
				CLANG_WARN_COMMA = YES;
				CLANG_WARN_CONSTANT_CONVERSION = YES;
				CLANG_WARN_DEPRECATED_OBJC_IMPLEMENTATIONS = YES;
				CLANG_WARN_DIRECT_OBJC_ISA_USAGE = YES_ERROR;
				CLANG_WARN_DOCUMENTATION_COMMENTS = YES;
				CLANG_WARN_EMPTY_BODY = YES;
				CLANG_WARN_ENUM_CONVERSION = YES;
				CLANG_WARN_INFINITE_RECURSION = YES;
				CLANG_WARN_INT_CONVERSION = YES;
				CLANG_WARN_NON_LITERAL_NULL_CONVERSION = YES;
				CLANG_WARN_OBJC_IMPLICIT_RETAIN_SELF = YES;
				CLANG_WARN_OBJC_LITERAL_CONVERSION = YES;
				CLANG_WARN_OBJC_ROOT_CLASS = YES_ERROR;
				CLANG_WARN_RANGE_LOOP_ANALYSIS = YES;
				CLANG_WARN_STRICT_PROTOTYPES = YES;
				CLANG_WARN_SUSPICIOUS_MOVE = YES;
				CLANG_WARN_UNGUARDED_AVAILABILITY = YES_AGGRESSIVE;
				CLANG_WARN_UNREACHABLE_CODE = YES;
				CLANG_WARN__DUPLICATE_METHOD_MATCH = YES;
				CODE_SIGN_IDENTITY = "iPhone Developer";
				COPY_PHASE_STRIP = NO;
				DEBUG_INFORMATION_FORMAT = dwarf;
				ENABLE_STRICT_OBJC_MSGSEND = YES;
				ENABLE_TESTABILITY = YES;
				GCC_C_LANGUAGE_STANDARD = gnu11;
				GCC_DYNAMIC_NO_PIC = NO;
				GCC_NO_COMMON_BLOCKS = YES;
				GCC_OPTIMIZATION_LEVEL = 0;
				GCC_PREPROCESSOR_DEFINITIONS = (
					"DEBUG=1",
					"$(inherited)",
				);
				GCC_WARN_64_TO_32_BIT_CONVERSION = YES;
				GCC_WARN_ABOUT_RETURN_TYPE = YES_ERROR;
				GCC_WARN_UNDECLARED_SELECTOR = YES;
				GCC_WARN_UNINITIALIZED_AUTOS = YES_AGGRESSIVE;
				GCC_WARN_UNUSED_FUNCTION = YES;
				GCC_WARN_UNUSED_VARIABLE = YES;
				IPHONEOS_DEPLOYMENT_TARGET = 11.3;
				MTL_ENABLE_DEBUG_INFO = YES;
				ONLY_ACTIVE_ARCH = YES;
				SDKROOT = iphoneos;
				SWIFT_ACTIVE_COMPILATION_CONDITIONS = DEBUG;
				SWIFT_OPTIMIZATION_LEVEL = "-Onone";
			};
			name = Debug;
		};
		84484F61209B05D6006BBD11 /* Release */ = {
			isa = XCBuildConfiguration;
			buildSettings = {
				ALWAYS_SEARCH_USER_PATHS = NO;
				CLANG_ANALYZER_NONNULL = YES;
				CLANG_ANALYZER_NUMBER_OBJECT_CONVERSION = YES_AGGRESSIVE;
				CLANG_CXX_LANGUAGE_STANDARD = "gnu++14";
				CLANG_CXX_LIBRARY = "libc++";
				CLANG_ENABLE_MODULES = YES;
				CLANG_ENABLE_OBJC_ARC = YES;
				CLANG_ENABLE_OBJC_WEAK = YES;
				CLANG_WARN_BLOCK_CAPTURE_AUTORELEASING = YES;
				CLANG_WARN_BOOL_CONVERSION = YES;
				CLANG_WARN_COMMA = YES;
				CLANG_WARN_CONSTANT_CONVERSION = YES;
				CLANG_WARN_DEPRECATED_OBJC_IMPLEMENTATIONS = YES;
				CLANG_WARN_DIRECT_OBJC_ISA_USAGE = YES_ERROR;
				CLANG_WARN_DOCUMENTATION_COMMENTS = YES;
				CLANG_WARN_EMPTY_BODY = YES;
				CLANG_WARN_ENUM_CONVERSION = YES;
				CLANG_WARN_INFINITE_RECURSION = YES;
				CLANG_WARN_INT_CONVERSION = YES;
				CLANG_WARN_NON_LITERAL_NULL_CONVERSION = YES;
				CLANG_WARN_OBJC_IMPLICIT_RETAIN_SELF = YES;
				CLANG_WARN_OBJC_LITERAL_CONVERSION = YES;
				CLANG_WARN_OBJC_ROOT_CLASS = YES_ERROR;
				CLANG_WARN_RANGE_LOOP_ANALYSIS = YES;
				CLANG_WARN_STRICT_PROTOTYPES = YES;
				CLANG_WARN_SUSPICIOUS_MOVE = YES;
				CLANG_WARN_UNGUARDED_AVAILABILITY = YES_AGGRESSIVE;
				CLANG_WARN_UNREACHABLE_CODE = YES;
				CLANG_WARN__DUPLICATE_METHOD_MATCH = YES;
				CODE_SIGN_IDENTITY = "iPhone Developer";
				COPY_PHASE_STRIP = NO;
				DEBUG_INFORMATION_FORMAT = "dwarf-with-dsym";
				ENABLE_NS_ASSERTIONS = NO;
				ENABLE_STRICT_OBJC_MSGSEND = YES;
				GCC_C_LANGUAGE_STANDARD = gnu11;
				GCC_NO_COMMON_BLOCKS = YES;
				GCC_WARN_64_TO_32_BIT_CONVERSION = YES;
				GCC_WARN_ABOUT_RETURN_TYPE = YES_ERROR;
				GCC_WARN_UNDECLARED_SELECTOR = YES;
				GCC_WARN_UNINITIALIZED_AUTOS = YES_AGGRESSIVE;
				GCC_WARN_UNUSED_FUNCTION = YES;
				GCC_WARN_UNUSED_VARIABLE = YES;
				IPHONEOS_DEPLOYMENT_TARGET = 11.3;
				MTL_ENABLE_DEBUG_INFO = NO;
				SDKROOT = iphoneos;
				SWIFT_COMPILATION_MODE = wholemodule;
				SWIFT_OPTIMIZATION_LEVEL = "-O";
				VALIDATE_PRODUCT = YES;
			};
			name = Release;
		};
		84484F63209B05D6006BBD11 /* Debug */ = {
			isa = XCBuildConfiguration;
			baseConfigurationReference = 038E26E30F23B569F13D500E /* Pods-YURT.debug.xcconfig */;
			buildSettings = {
				ASSETCATALOG_COMPILER_APPICON_NAME = AppIcon;
				CODE_SIGN_STYLE = Automatic;
				DEVELOPMENT_TEAM = D9L33B2S23;
				INFOPLIST_FILE = YURT/Info.plist;
				IPHONEOS_DEPLOYMENT_TARGET = 11.0;
				LD_RUNPATH_SEARCH_PATHS = (
					"$(inherited)",
					"@executable_path/Frameworks",
				);
				PRODUCT_BUNDLE_IDENTIFIER = com.standret.tesloop;
				PRODUCT_NAME = "$(TARGET_NAME)";
				SWIFT_VERSION = 4.0;
				TARGETED_DEVICE_FAMILY = 1;
			};
			name = Debug;
		};
		84484F64209B05D6006BBD11 /* Release */ = {
			isa = XCBuildConfiguration;
			baseConfigurationReference = 6D4B0D72075918C1D3769FAA /* Pods-YURT.release.xcconfig */;
			buildSettings = {
				ASSETCATALOG_COMPILER_APPICON_NAME = AppIcon;
				CODE_SIGN_STYLE = Automatic;
				DEVELOPMENT_TEAM = D9L33B2S23;
				INFOPLIST_FILE = YURT/Info.plist;
				IPHONEOS_DEPLOYMENT_TARGET = 11.0;
				LD_RUNPATH_SEARCH_PATHS = (
					"$(inherited)",
					"@executable_path/Frameworks",
				);
				PRODUCT_BUNDLE_IDENTIFIER = com.standret.tesloop;
				PRODUCT_NAME = "$(TARGET_NAME)";
				SWIFT_VERSION = 4.0;
				TARGETED_DEVICE_FAMILY = 1;
			};
			name = Release;
		};
/* End XCBuildConfiguration section */

/* Begin XCConfigurationList section */
		84484F4B209B05D4006BBD11 /* Build configuration list for PBXProject "YURT" */ = {
			isa = XCConfigurationList;
			buildConfigurations = (
				84484F60209B05D6006BBD11 /* Debug */,
				84484F61209B05D6006BBD11 /* Release */,
			);
			defaultConfigurationIsVisible = 0;
			defaultConfigurationName = Release;
		};
		84484F62209B05D6006BBD11 /* Build configuration list for PBXNativeTarget "YURT" */ = {
			isa = XCConfigurationList;
			buildConfigurations = (
				84484F63209B05D6006BBD11 /* Debug */,
				84484F64209B05D6006BBD11 /* Release */,
			);
			defaultConfigurationIsVisible = 0;
			defaultConfigurationName = Release;
		};
/* End XCConfigurationList section */
	};
	rootObject = 84484F48209B05D4006BBD11 /* Project object */;
}
